PODS:
  - AFIncrementalStore (0.4.0):
    - AFNetworking (>= 0.9.0)
    - InflectorKit
    - TransformerKit
  - AFNetworking (1.2.1)
  - ECSlidingViewController (0.10.0)
  - InflectorKit (0.0.1)
  - KeychainItemWrapper (1.2)
  - KSCustomUIPopover (0.0.1)
  - MBProgressHUD (0.6)
  - TransformerKit (0.2.2)

DEPENDENCIES:
  - AFIncrementalStore
  - ECSlidingViewController
  - KeychainItemWrapper
  - KSCustomUIPopover
  - MBProgressHUD

SPEC CHECKSUMS:
  AFIncrementalStore: 71e6815601f999933193ca97beb8a225ee3204e1
  AFNetworking: 616da0028916ce296f5c3cef74e5552eb4e10e13
  ECSlidingViewController: fc9a9a6564d4a64c0d8c7cf5583d2b9a469ecd04
  InflectorKit: 9dccab02f95541093995adac639342c9eb9e6c12
  KeychainItemWrapper: f537d5bec950b2ab815c80cef9bf4e30a1084dc8
  KSCustomUIPopover: 5591b2f18458b19e07d02c41bec5f42dec2eaad3
  MBProgressHUD: 9b55a90566fb5d07df0602f6fd9fa04510ad5d52
  TransformerKit: c07d1de4a661db2ca420092445750ab4ad67331a

COCOAPODS: 0.19.1
