// !$*UTF8*$!
{
	archiveVersion = 1;
	classes = {
	};
	objectVersion = 46;
	objects = {

/* Begin PBXBuildFile section */
		1F01F13814DB3D0300D6EF0C /* wood.png in Resources */ = {isa = PBXBuildFile; fileRef = 1F01F13614DB3D0300D6EF0C /* wood.png */; };
		1F01F13914DB3D0300D6EF0C /* wood@2x.png in Resources */ = {isa = PBXBuildFile; fileRef = 1F01F13714DB3D0300D6EF0C /* wood@2x.png */; };
		1F01F14014DB3E4F00D6EF0C /* linen-nav-bar-landscape.png in Resources */ = {isa = PBXBuildFile; fileRef = 1F01F13C14DB3E4F00D6EF0C /* linen-nav-bar-landscape.png */; };
		1F01F14114DB3E4F00D6EF0C /* linen-nav-bar-landscape@2x.png in Resources */ = {isa = PBXBuildFile; fileRef = 1F01F13D14DB3E4F00D6EF0C /* linen-nav-bar-landscape@2x.png */; };
		1F01F14214DB3E4F00D6EF0C /* linen-nav-bar.png in Resources */ = {isa = PBXBuildFile; fileRef = 1F01F13E14DB3E4F00D6EF0C /* linen-nav-bar.png */; };
		1F01F14314DB3E4F00D6EF0C /* linen-nav-bar@2x.png in Resources */ = {isa = PBXBuildFile; fileRef = 1F01F13F14DB3E4F00D6EF0C /* linen-nav-bar@2x.png */; };
		1F01F15614DB3FE500D6EF0C /* linen-light-bar.png in Resources */ = {isa = PBXBuildFile; fileRef = 1F01F15414DB3FE500D6EF0C /* linen-light-bar.png */; };
		1F01F15714DB3FE500D6EF0C /* linen-light-bar@2x.png in Resources */ = {isa = PBXBuildFile; fileRef = 1F01F15514DB3FE500D6EF0C /* linen-light-bar@2x.png */; };
		1F01F15A14DB464800D6EF0C /* MTETShirtCell.m in Sources */ = {isa = PBXBuildFile; fileRef = 1F01F15914DB464700D6EF0C /* MTETShirtCell.m */; };
		1F01F15D14DC055900D6EF0C /* ShadowedTableView.m in Sources */ = {isa = PBXBuildFile; fileRef = 1F01F15C14DC055900D6EF0C /* ShadowedTableView.m */; settings = {COMPILER_FLAGS = "-fno-objc-arc"; }; };
		1F01F15F14DC05FC00D6EF0C /* QuartzCore.framework in Frameworks */ = {isa = PBXBuildFile; fileRef = 1F01F15E14DC05FC00D6EF0C /* QuartzCore.framework */; };
		1F01F16514DC11E800D6EF0C /* 72-pin.png in Resources */ = {isa = PBXBuildFile; fileRef = 1F01F16114DC11E600D6EF0C /* 72-pin.png */; };
		1F01F16614DC11E800D6EF0C /* 72-pin@2x.png in Resources */ = {isa = PBXBuildFile; fileRef = 1F01F16214DC11E600D6EF0C /* 72-pin@2x.png */; };
		1F01F16714DC11E800D6EF0C /* 83-calendar.png in Resources */ = {isa = PBXBuildFile; fileRef = 1F01F16314DC11E600D6EF0C /* 83-calendar.png */; };
		1F01F16814DC11E800D6EF0C /* 83-calendar@2x.png in Resources */ = {isa = PBXBuildFile; fileRef = 1F01F16414DC11E700D6EF0C /* 83-calendar@2x.png */; };
		1F01F16C14DC15CB00D6EF0C /* wash.png in Resources */ = {isa = PBXBuildFile; fileRef = 1F01F16A14DC15CB00D6EF0C /* wash.png */; };
		1F01F16D14DC15CB00D6EF0C /* wash@2x.png in Resources */ = {isa = PBXBuildFile; fileRef = 1F01F16B14DC15CB00D6EF0C /* wash@2x.png */; };
		1F01F17014DC161700D6EF0C /* 67-tshirt.png in Resources */ = {isa = PBXBuildFile; fileRef = 1F01F16E14DC161700D6EF0C /* 67-tshirt.png */; };
		1F01F17114DC161700D6EF0C /* 67-tshirt@2x.png in Resources */ = {isa = PBXBuildFile; fileRef = 1F01F16F14DC161700D6EF0C /* 67-tshirt@2x.png */; };
		1F02F4AD14F12915005F738B /* MTESettingsManager.m in Sources */ = {isa = PBXBuildFile; fileRef = 1F02F4AC14F12915005F738B /* MTESettingsManager.m */; };
		1F1C2BAA15195326005ED856 /* Icon_iPad@2x.png in Resources */ = {isa = PBXBuildFile; fileRef = 1F1C2BA915195326005ED856 /* Icon_iPad@2x.png */; };
		1F230B2F14DC98D500B65E7E /* MTEStore.m in Sources */ = {isa = PBXBuildFile; fileRef = 1F230B2E14DC98D500B65E7E /* MTEStore.m */; };
		1F230B3214DCA31A00B65E7E /* 80-shopping-cart.png in Resources */ = {isa = PBXBuildFile; fileRef = 1F230B3014DCA31A00B65E7E /* 80-shopping-cart.png */; };
		1F230B3314DCA31A00B65E7E /* 80-shopping-cart@2x.png in Resources */ = {isa = PBXBuildFile; fileRef = 1F230B3114DCA31A00B65E7E /* 80-shopping-cart@2x.png */; };
		1F294DFB14D73BC800A24AED /* MTESyncManager.m in Sources */ = {isa = PBXBuildFile; fileRef = 1F294DFA14D73BC800A24AED /* MTESyncManager.m */; };
		1F294DFE14D73EE300A24AED /* NSString+NSStringURL.m in Sources */ = {isa = PBXBuildFile; fileRef = 1F294DFD14D73EE300A24AED /* NSString+NSStringURL.m */; };
		1F294E0314D7457900A24AED /* 19-check.png in Resources */ = {isa = PBXBuildFile; fileRef = 1F294E0114D7457900A24AED /* 19-check.png */; };
		1F294E0414D7457900A24AED /* 19-check@2x.png in Resources */ = {isa = PBXBuildFile; fileRef = 1F294E0214D7457900A24AED /* 19-check@2x.png */; };
		1F294E0714D745AB00A24AED /* 20-no.png in Resources */ = {isa = PBXBuildFile; fileRef = 1F294E0514D745AB00A24AED /* 20-no.png */; };
		1F294E0814D745AB00A24AED /* 20-no@2x.png in Resources */ = {isa = PBXBuildFile; fileRef = 1F294E0614D745AB00A24AED /* 20-no@2x.png */; };
		1F294E0B14D74D4E00A24AED /* Icon.png in Resources */ = {isa = PBXBuildFile; fileRef = 1F294E0A14D74D4E00A24AED /* Icon.png */; };
		1F294E0D14D74D6600A24AED /* Icon@2x.png in Resources */ = {isa = PBXBuildFile; fileRef = 1F294E0C14D74D6600A24AED /* Icon@2x.png */; };
		1F294E0F14D74D6F00A24AED /* Icon_iPad.png in Resources */ = {isa = PBXBuildFile; fileRef = 1F294E0E14D74D6F00A24AED /* Icon_iPad.png */; };
		1F294E1314D74F2300A24AED /* KeychainItemWrapper.m in Sources */ = {isa = PBXBuildFile; fileRef = 1F294E1214D74F2300A24AED /* KeychainItemWrapper.m */; settings = {COMPILER_FLAGS = "-fno-objc-arc"; }; };
		1F294E1714D7515A00A24AED /* Security.framework in Frameworks */ = {isa = PBXBuildFile; fileRef = 1F294E1614D7515A00A24AED /* Security.framework */; };
		1F294E1A14D7558600A24AED /* MTESyncManagerSpec.mm in Sources */ = {isa = PBXBuildFile; fileRef = 1F294E1914D7558600A24AED /* MTESyncManagerSpec.mm */; settings = {COMPILER_FLAGS = "-fno-objc-arc"; }; };
		1F2C7F2D15509760002A160C /* MTETodayTShirtViewController.m in Sources */ = {isa = PBXBuildFile; fileRef = 1F2C7F2C15509760002A160C /* MTETodayTShirtViewController.m */; };
		1F2C7F51155341CA002A160C /* Default.png in Resources */ = {isa = PBXBuildFile; fileRef = 1F2C7F50155341CA002A160C /* Default.png */; };
		1F2C7F54155341D9002A160C /* Default@2x.png in Resources */ = {isa = PBXBuildFile; fileRef = 1F2C7F53155341D9002A160C /* Default@2x.png */; };
		1F42C76B1579038300A72E81 /* 14-tag-b.png in Resources */ = {isa = PBXBuildFile; fileRef = 1F42C7671579038300A72E81 /* 14-tag-b.png */; };
		1F42C76C1579038300A72E81 /* 14-tag-b@2x.png in Resources */ = {isa = PBXBuildFile; fileRef = 1F42C7681579038300A72E81 /* 14-tag-b@2x.png */; };
		1F42C76D1579038300A72E81 /* 80-shopping-cart-b.png in Resources */ = {isa = PBXBuildFile; fileRef = 1F42C7691579038300A72E81 /* 80-shopping-cart-b.png */; };
		1F42C76E1579038300A72E81 /* 80-shopping-cart-b@2x.png in Resources */ = {isa = PBXBuildFile; fileRef = 1F42C76A1579038300A72E81 /* 80-shopping-cart-b@2x.png */; };
		1F42C772157903EF00A72E81 /* 179-notepad-b.png in Resources */ = {isa = PBXBuildFile; fileRef = 1F42C770157903EF00A72E81 /* 179-notepad-b.png */; };
		1F42C773157903EF00A72E81 /* 179-notepad-b@2x.png in Resources */ = {isa = PBXBuildFile; fileRef = 1F42C771157903EF00A72E81 /* 179-notepad-b@2x.png */; };
		1F43D7EF1561B5DB008D67B9 /* Default-Portrait~ipad.png in Resources */ = {isa = PBXBuildFile; fileRef = 1F43D7EE1561B5DB008D67B9 /* Default-Portrait~ipad.png */; };
		1F43D7F21561B5E3008D67B9 /* Default-Portrait@2x~ipad.png in Resources */ = {isa = PBXBuildFile; fileRef = 1F43D7F11561B5E3008D67B9 /* Default-Portrait@2x~ipad.png */; };
		1F43D7F41561B5EC008D67B9 /* Default-Landscape~ipad.png in Resources */ = {isa = PBXBuildFile; fileRef = 1F43D7F31561B5EC008D67B9 /* Default-Landscape~ipad.png */; };
		1F43D7F61561B5F2008D67B9 /* Default-Landscape@2x~ipad.png in Resources */ = {isa = PBXBuildFile; fileRef = 1F43D7F51561B5F2008D67B9 /* Default-Landscape@2x~ipad.png */; };
		1F667CD715B32A5E00B374BC /* shelves_closeup.png in Resources */ = {isa = PBXBuildFile; fileRef = 1F667CD515B32A5E00B374BC /* shelves_closeup.png */; };
		1F667CD815B32A5E00B374BC /* shelves_closeup@2x.png in Resources */ = {isa = PBXBuildFile; fileRef = 1F667CD615B32A5E00B374BC /* shelves_closeup@2x.png */; };
		1F67661614EB28F60035EF7D /* 19-gear-w.png in Resources */ = {isa = PBXBuildFile; fileRef = 1F67661414EB28F60035EF7D /* 19-gear-w.png */; };
		1F67661714EB28F60035EF7D /* 19-gear-w@2x.png in Resources */ = {isa = PBXBuildFile; fileRef = 1F67661514EB28F60035EF7D /* 19-gear-w@2x.png */; };
		1F6AC78814D9FE890040A06A /* MTETShirtViewController.m in Sources */ = {isa = PBXBuildFile; fileRef = 1F6AC78714D9FE890040A06A /* MTETShirtViewController.m */; };
		1F6AC78C14DA03E00040A06A /* MTEWearWashViewController.m in Sources */ = {isa = PBXBuildFile; fileRef = 1F6AC78B14DA03E00040A06A /* MTEWearWashViewController.m */; };
		1F6AC78F14DA05DB0040A06A /* MTEWash.m in Sources */ = {isa = PBXBuildFile; fileRef = 1F6AC78E14DA05DB0040A06A /* MTEWash.m */; };
		1F6AC79214DA05DC0040A06A /* MTEWear.m in Sources */ = {isa = PBXBuildFile; fileRef = 1F6AC79114DA05DC0040A06A /* MTEWear.m */; };
		1F6B7FD214E0811B00292B62 /* 14-tag.png in Resources */ = {isa = PBXBuildFile; fileRef = 1F6B7FD014E0811B00292B62 /* 14-tag.png */; };
		1F6B7FD314E0811B00292B62 /* 14-tag@2x.png in Resources */ = {isa = PBXBuildFile; fileRef = 1F6B7FD114E0811B00292B62 /* 14-tag@2x.png */; };
		1F6B7FD714E0813E00292B62 /* 179-notepad.png in Resources */ = {isa = PBXBuildFile; fileRef = 1F6B7FD514E0813E00292B62 /* 179-notepad.png */; };
		1F6B7FD814E0813E00292B62 /* 179-notepad@2x.png in Resources */ = {isa = PBXBuildFile; fileRef = 1F6B7FD614E0813E00292B62 /* 179-notepad@2x.png */; };
		1F6CD28B15B2FD610086518B /* shelves@2x.png in Resources */ = {isa = PBXBuildFile; fileRef = 1F6CD28915B2FD610086518B /* shelves@2x.png */; };
		1F6CD28D15B2FD890086518B /* shelves.png in Resources */ = {isa = PBXBuildFile; fileRef = 1F6CD28C15B2FD890086518B /* shelves.png */; };
		1F7205161533921900B4D60F /* 118-coat-hanger.png in Resources */ = {isa = PBXBuildFile; fileRef = 1F7205141533921900B4D60F /* 118-coat-hanger.png */; };
		1F7205171533921900B4D60F /* 118-coat-hanger@2x.png in Resources */ = {isa = PBXBuildFile; fileRef = 1F7205151533921900B4D60F /* 118-coat-hanger@2x.png */; };
		1F72051B1533940300B4D60F /* 19-gear.png in Resources */ = {isa = PBXBuildFile; fileRef = 1F7205191533940300B4D60F /* 19-gear.png */; };
		1F72051C1533940300B4D60F /* 19-gear@2x.png in Resources */ = {isa = PBXBuildFile; fileRef = 1F72051A1533940300B4D60F /* 19-gear@2x.png */; };
		1F72051F153394A100B4D60F /* selection-tab.png in Resources */ = {isa = PBXBuildFile; fileRef = 1F72051D153394A100B4D60F /* selection-tab.png */; };
		1F720520153394A100B4D60F /* selection-tab@2x.png in Resources */ = {isa = PBXBuildFile; fileRef = 1F72051E153394A100B4D60F /* selection-tab@2x.png */; };
		1F7205231533973900B4D60F /* tabbar.png in Resources */ = {isa = PBXBuildFile; fileRef = 1F7205211533973900B4D60F /* tabbar.png */; };
		1F7205241533973900B4D60F /* tabbar@2x.png in Resources */ = {isa = PBXBuildFile; fileRef = 1F7205221533973900B4D60F /* tabbar@2x.png */; };
		1F74FC9414DEF6130034BA02 /* MTEStoreViewController.m in Sources */ = {isa = PBXBuildFile; fileRef = 1F74FC9314DEF6130034BA02 /* MTEStoreViewController.m */; };
		1F7BF97914D4429500D7F4A3 /* UIKit.framework in Frameworks */ = {isa = PBXBuildFile; fileRef = 1F7BF97814D4429500D7F4A3 /* UIKit.framework */; };
		1F7BF97B14D4429500D7F4A3 /* Foundation.framework in Frameworks */ = {isa = PBXBuildFile; fileRef = 1F7BF97A14D4429500D7F4A3 /* Foundation.framework */; };
		1F7BF97D14D4429500D7F4A3 /* CoreGraphics.framework in Frameworks */ = {isa = PBXBuildFile; fileRef = 1F7BF97C14D4429500D7F4A3 /* CoreGraphics.framework */; };
		1F7BF97F14D4429500D7F4A3 /* CoreData.framework in Frameworks */ = {isa = PBXBuildFile; fileRef = 1F7BF97E14D4429500D7F4A3 /* CoreData.framework */; };
		1F7BF98514D4429500D7F4A3 /* InfoPlist.strings in Resources */ = {isa = PBXBuildFile; fileRef = 1F7BF98314D4429500D7F4A3 /* InfoPlist.strings */; };
		1F7BF98714D4429500D7F4A3 /* main.m in Sources */ = {isa = PBXBuildFile; fileRef = 1F7BF98614D4429500D7F4A3 /* main.m */; };
		1F7BF98B14D4429500D7F4A3 /* MTEAppDelegate.m in Sources */ = {isa = PBXBuildFile; fileRef = 1F7BF98A14D4429500D7F4A3 /* MTEAppDelegate.m */; };
		1F7BF99614D4429500D7F4A3 /* SenTestingKit.framework in Frameworks */ = {isa = PBXBuildFile; fileRef = 1F7BF99514D4429500D7F4A3 /* SenTestingKit.framework */; };
		1F7BF99714D4429500D7F4A3 /* UIKit.framework in Frameworks */ = {isa = PBXBuildFile; fileRef = 1F7BF97814D4429500D7F4A3 /* UIKit.framework */; };
		1F7BF99814D4429500D7F4A3 /* Foundation.framework in Frameworks */ = {isa = PBXBuildFile; fileRef = 1F7BF97A14D4429500D7F4A3 /* Foundation.framework */; };
		1F7BF99914D4429500D7F4A3 /* CoreData.framework in Frameworks */ = {isa = PBXBuildFile; fileRef = 1F7BF97E14D4429500D7F4A3 /* CoreData.framework */; };
		1F7BF9A114D4429500D7F4A3 /* InfoPlist.strings in Resources */ = {isa = PBXBuildFile; fileRef = 1F7BF99F14D4429500D7F4A3 /* InfoPlist.strings */; };
		1F7BF9A414D4429500D7F4A3 /* myteeTests.m in Sources */ = {isa = PBXBuildFile; fileRef = 1F7BF9A314D4429500D7F4A3 /* myteeTests.m */; };
		1F7BF9BA14D44D9A00D7F4A3 /* libCedar-StaticLib.a in Frameworks */ = {isa = PBXBuildFile; fileRef = 1F7BF9B914D44D9A00D7F4A3 /* libCedar-StaticLib.a */; };
		1F7BF9C214D4526D00D7F4A3 /* Storyboard_iPhone.storyboard in Resources */ = {isa = PBXBuildFile; fileRef = 1F7BF9C114D4526D00D7F4A3 /* Storyboard_iPhone.storyboard */; };
		1F7BF9C414D4529400D7F4A3 /* Storyboard_iPad.storyboard in Resources */ = {isa = PBXBuildFile; fileRef = 1F7BF9C314D4529400D7F4A3 /* Storyboard_iPad.storyboard */; };
		1F7BF9F814D4543A00D7F4A3 /* mytee.xcdatamodeld in Sources */ = {isa = PBXBuildFile; fileRef = 1F7BF9F614D4543A00D7F4A3 /* mytee.xcdatamodeld */; };
		1F7D901714EED2F300307F26 /* 11-clock.png in Resources */ = {isa = PBXBuildFile; fileRef = 1F7D901514EED2F200307F26 /* 11-clock.png */; };
		1F7D901814EED2F300307F26 /* 11-clock@2x.png in Resources */ = {isa = PBXBuildFile; fileRef = 1F7D901614EED2F300307F26 /* 11-clock@2x.png */; };
		1FA1EA3115850FFA00A78FA8 /* MapKit.framework in Frameworks */ = {isa = PBXBuildFile; fileRef = 1FA1EA2E15850F8200A78FA8 /* MapKit.framework */; };
		1FA1EA341585148B00A78FA8 /* MTEStoreRetailViewController.m in Sources */ = {isa = PBXBuildFile; fileRef = 1FA1EA331585148B00A78FA8 /* MTEStoreRetailViewController.m */; };
		1FA1EA3C1585160400A78FA8 /* 72-pin-b.png in Resources */ = {isa = PBXBuildFile; fileRef = 1FA1EA3A1585160300A78FA8 /* 72-pin-b.png */; };
		1FA1EA3D1585160400A78FA8 /* 72-pin-b@2x.png in Resources */ = {isa = PBXBuildFile; fileRef = 1FA1EA3B1585160400A78FA8 /* 72-pin-b@2x.png */; };
		1FA1EA401585168800A78FA8 /* CoreLocation.framework in Frameworks */ = {isa = PBXBuildFile; fileRef = 1FA1EA3F1585168800A78FA8 /* CoreLocation.framework */; };
		1FA1EA551585575C00A78FA8 /* MTEStoreOnlineViewController.m in Sources */ = {isa = PBXBuildFile; fileRef = 1FA1EA541585575C00A78FA8 /* MTEStoreOnlineViewController.m */; };
		1FA1EA5B15855D5600A78FA8 /* 71-compass-b.png in Resources */ = {isa = PBXBuildFile; fileRef = 1FA1EA5715855D5600A78FA8 /* 71-compass-b.png */; };
		1FA1EA5C15855D5600A78FA8 /* 71-compass-b@2x.png in Resources */ = {isa = PBXBuildFile; fileRef = 1FA1EA5815855D5600A78FA8 /* 71-compass-b@2x.png */; };
		1FA1EA5D15855D5600A78FA8 /* 71-compass.png in Resources */ = {isa = PBXBuildFile; fileRef = 1FA1EA5915855D5600A78FA8 /* 71-compass.png */; };
		1FA1EA5E15855D5600A78FA8 /* 71-compass@2x.png in Resources */ = {isa = PBXBuildFile; fileRef = 1FA1EA5A15855D5600A78FA8 /* 71-compass@2x.png */; };
		1FA8536114EC5BCB00736DAD /* MTESettingsViewController.m in Sources */ = {isa = PBXBuildFile; fileRef = 1FA8536014EC5BCB00736DAD /* MTESettingsViewController.m */; };
		1FD38E061583C4180060F51F /* wash-b.png in Resources */ = {isa = PBXBuildFile; fileRef = 1FD38E041583C4180060F51F /* wash-b.png */; };
		1FD38E071583C4180060F51F /* wash-b@2x.png in Resources */ = {isa = PBXBuildFile; fileRef = 1FD38E051583C4180060F51F /* wash-b@2x.png */; };
		1FD38E0B1583C4CE0060F51F /* 67-tshirt-b.png in Resources */ = {isa = PBXBuildFile; fileRef = 1FD38E091583C4CE0060F51F /* 67-tshirt-b.png */; };
		1FD38E0C1583C4CE0060F51F /* 67-tshirt-b@2x.png in Resources */ = {isa = PBXBuildFile; fileRef = 1FD38E0A1583C4CE0060F51F /* 67-tshirt-b@2x.png */; };
		1FDE079414D4CBA400909A11 /* MBProgressHUD.m in Sources */ = {isa = PBXBuildFile; fileRef = 1FDE079314D4CBA400909A11 /* MBProgressHUD.m */; };
		1FDE079A14D4CE7700909A11 /* MTELoginViewController.m in Sources */ = {isa = PBXBuildFile; fileRef = 1FDE079914D4CE7700909A11 /* MTELoginViewController.m */; };
		1FF7D5DD14D88D84000BDE04 /* libRestKit.a in Frameworks */ = {isa = PBXBuildFile; fileRef = 1FF7D5DC14D88D84000BDE04 /* libRestKit.a */; };
		1FF7D5E014D88E3F000BDE04 /* CFNetwork.framework in Frameworks */ = {isa = PBXBuildFile; fileRef = 1FF7D5DF14D88E3F000BDE04 /* CFNetwork.framework */; };
		1FF7D5E214D88E51000BDE04 /* MobileCoreServices.framework in Frameworks */ = {isa = PBXBuildFile; fileRef = 1FF7D5E114D88E51000BDE04 /* MobileCoreServices.framework */; };
		1FF7D5E414D88E58000BDE04 /* SystemConfiguration.framework in Frameworks */ = {isa = PBXBuildFile; fileRef = 1FF7D5E314D88E58000BDE04 /* SystemConfiguration.framework */; };
		1FF7D5E614D88E65000BDE04 /* libxml2.dylib in Frameworks */ = {isa = PBXBuildFile; fileRef = 1FF7D5E514D88E65000BDE04 /* libxml2.dylib */; };
		1FF7D5E914D8936E000BDE04 /* MTETShirtsViewController.m in Sources */ = {isa = PBXBuildFile; fileRef = 1FF7D5E814D8936E000BDE04 /* MTETShirtsViewController.m */; };
		1FF7D5EF14D89D2B000BDE04 /* MTETShirt.m in Sources */ = {isa = PBXBuildFile; fileRef = 1FF7D5EE14D89D2B000BDE04 /* MTETShirt.m */; };
		1FF7D5F214D8A20A000BDE04 /* MTETShirtExplorer.m in Sources */ = {isa = PBXBuildFile; fileRef = 1FF7D5F114D8A20A000BDE04 /* MTETShirtExplorer.m */; };
		1FFAB02E14F1D42B00851D81 /* linen-light-cell.png in Resources */ = {isa = PBXBuildFile; fileRef = 1FFAB02C14F1D42B00851D81 /* linen-light-cell.png */; };
		1FFAB02F14F1D42B00851D81 /* linen-light-cell@2x.png in Resources */ = {isa = PBXBuildFile; fileRef = 1FFAB02D14F1D42B00851D81 /* linen-light-cell@2x.png */; };
		1FFAB03314F1D44A00851D81 /* MTESettingCell.m in Sources */ = {isa = PBXBuildFile; fileRef = 1FFAB03214F1D44A00851D81 /* MTESettingCell.m */; };
/* End PBXBuildFile section */

/* Begin PBXContainerItemProxy section */
		1F7BF99A14D4429500D7F4A3 /* PBXContainerItemProxy */ = {
			isa = PBXContainerItemProxy;
			containerPortal = 1F7BF96B14D4429400D7F4A3 /* Project object */;
			proxyType = 1;
			remoteGlobalIDString = 1F7BF97314D4429500D7F4A3;
			remoteInfo = mytee;
		};
/* End PBXContainerItemProxy section */

/* Begin PBXFileReference section */
		1F01F13614DB3D0300D6EF0C /* wood.png */ = {isa = PBXFileReference; lastKnownFileType = image.png; name = wood.png; path = MyTee/Resources/Images/wood.png; sourceTree = SOURCE_ROOT; };
		1F01F13714DB3D0300D6EF0C /* wood@2x.png */ = {isa = PBXFileReference; lastKnownFileType = image.png; name = "wood@2x.png"; path = "MyTee/Resources/Images/wood@2x.png"; sourceTree = SOURCE_ROOT; };
		1F01F13C14DB3E4F00D6EF0C /* linen-nav-bar-landscape.png */ = {isa = PBXFileReference; lastKnownFileType = image.png; name = "linen-nav-bar-landscape.png"; path = "MyTee/Resources/Images/linen-nav-bar-landscape.png"; sourceTree = SOURCE_ROOT; };
		1F01F13D14DB3E4F00D6EF0C /* linen-nav-bar-landscape@2x.png */ = {isa = PBXFileReference; lastKnownFileType = image.png; name = "linen-nav-bar-landscape@2x.png"; path = "MyTee/Resources/Images/linen-nav-bar-landscape@2x.png"; sourceTree = SOURCE_ROOT; };
		1F01F13E14DB3E4F00D6EF0C /* linen-nav-bar.png */ = {isa = PBXFileReference; lastKnownFileType = image.png; name = "linen-nav-bar.png"; path = "MyTee/Resources/Images/linen-nav-bar.png"; sourceTree = SOURCE_ROOT; };
		1F01F13F14DB3E4F00D6EF0C /* linen-nav-bar@2x.png */ = {isa = PBXFileReference; lastKnownFileType = image.png; name = "linen-nav-bar@2x.png"; path = "MyTee/Resources/Images/linen-nav-bar@2x.png"; sourceTree = SOURCE_ROOT; };
		1F01F15414DB3FE500D6EF0C /* linen-light-bar.png */ = {isa = PBXFileReference; lastKnownFileType = image.png; name = "linen-light-bar.png"; path = "MyTee/Resources/Images/linen-light-bar.png"; sourceTree = SOURCE_ROOT; };
		1F01F15514DB3FE500D6EF0C /* linen-light-bar@2x.png */ = {isa = PBXFileReference; lastKnownFileType = image.png; name = "linen-light-bar@2x.png"; path = "MyTee/Resources/Images/linen-light-bar@2x.png"; sourceTree = SOURCE_ROOT; };
		1F01F15814DB464700D6EF0C /* MTETShirtCell.h */ = {isa = PBXFileReference; fileEncoding = 4; lastKnownFileType = sourcecode.c.h; name = MTETShirtCell.h; path = MyTee/Classes/MTETShirtCell.h; sourceTree = SOURCE_ROOT; };
		1F01F15914DB464700D6EF0C /* MTETShirtCell.m */ = {isa = PBXFileReference; fileEncoding = 4; lastKnownFileType = sourcecode.c.objc; name = MTETShirtCell.m; path = MyTee/Classes/MTETShirtCell.m; sourceTree = SOURCE_ROOT; };
		1F01F15B14DC055900D6EF0C /* ShadowedTableView.h */ = {isa = PBXFileReference; fileEncoding = 4; lastKnownFileType = sourcecode.c.h; name = ShadowedTableView.h; path = Libraries/ShadowedTableView/ShadowedTableView.h; sourceTree = SOURCE_ROOT; };
		1F01F15C14DC055900D6EF0C /* ShadowedTableView.m */ = {isa = PBXFileReference; fileEncoding = 4; lastKnownFileType = sourcecode.c.objc; name = ShadowedTableView.m; path = Libraries/ShadowedTableView/ShadowedTableView.m; sourceTree = SOURCE_ROOT; };
		1F01F15E14DC05FC00D6EF0C /* QuartzCore.framework */ = {isa = PBXFileReference; lastKnownFileType = wrapper.framework; name = QuartzCore.framework; path = System/Library/Frameworks/QuartzCore.framework; sourceTree = SDKROOT; };
		1F01F16114DC11E600D6EF0C /* 72-pin.png */ = {isa = PBXFileReference; lastKnownFileType = image.png; name = "72-pin.png"; path = "MyTee/Resources/Images/72-pin.png"; sourceTree = SOURCE_ROOT; };
		1F01F16214DC11E600D6EF0C /* 72-pin@2x.png */ = {isa = PBXFileReference; lastKnownFileType = image.png; name = "72-pin@2x.png"; path = "MyTee/Resources/Images/72-pin@2x.png"; sourceTree = SOURCE_ROOT; };
		1F01F16314DC11E600D6EF0C /* 83-calendar.png */ = {isa = PBXFileReference; lastKnownFileType = image.png; name = "83-calendar.png"; path = "MyTee/Resources/Images/83-calendar.png"; sourceTree = SOURCE_ROOT; };
		1F01F16414DC11E700D6EF0C /* 83-calendar@2x.png */ = {isa = PBXFileReference; lastKnownFileType = image.png; name = "83-calendar@2x.png"; path = "MyTee/Resources/Images/83-calendar@2x.png"; sourceTree = SOURCE_ROOT; };
		1F01F16A14DC15CB00D6EF0C /* wash.png */ = {isa = PBXFileReference; lastKnownFileType = image.png; name = wash.png; path = MyTee/Resources/Images/wash.png; sourceTree = SOURCE_ROOT; };
		1F01F16B14DC15CB00D6EF0C /* wash@2x.png */ = {isa = PBXFileReference; lastKnownFileType = image.png; name = "wash@2x.png"; path = "MyTee/Resources/Images/wash@2x.png"; sourceTree = SOURCE_ROOT; };
		1F01F16E14DC161700D6EF0C /* 67-tshirt.png */ = {isa = PBXFileReference; lastKnownFileType = image.png; name = "67-tshirt.png"; path = "MyTee/Resources/Images/67-tshirt.png"; sourceTree = SOURCE_ROOT; };
		1F01F16F14DC161700D6EF0C /* 67-tshirt@2x.png */ = {isa = PBXFileReference; lastKnownFileType = image.png; name = "67-tshirt@2x.png"; path = "MyTee/Resources/Images/67-tshirt@2x.png"; sourceTree = SOURCE_ROOT; };
		1F02F4AB14F12915005F738B /* MTESettingsManager.h */ = {isa = PBXFileReference; fileEncoding = 4; lastKnownFileType = sourcecode.c.h; name = MTESettingsManager.h; path = MyTee/Classes/MTESettingsManager.h; sourceTree = SOURCE_ROOT; };
		1F02F4AC14F12915005F738B /* MTESettingsManager.m */ = {isa = PBXFileReference; fileEncoding = 4; lastKnownFileType = sourcecode.c.objc; name = MTESettingsManager.m; path = MyTee/Classes/MTESettingsManager.m; sourceTree = SOURCE_ROOT; };
		1F1C2BA915195326005ED856 /* Icon_iPad@2x.png */ = {isa = PBXFileReference; lastKnownFileType = image.png; name = "Icon_iPad@2x.png"; path = "../Icon_iPad@2x.png"; sourceTree = "<group>"; };
		1F230B2B14DC981A00B65E7E /* mytee 2.xcdatamodel */ = {isa = PBXFileReference; lastKnownFileType = wrapper.xcdatamodel; path = "mytee 2.xcdatamodel"; sourceTree = "<group>"; };
		1F230B2D14DC98D500B65E7E /* MTEStore.h */ = {isa = PBXFileReference; fileEncoding = 4; lastKnownFileType = sourcecode.c.h; name = MTEStore.h; path = MyTee/Classes/MTEStore.h; sourceTree = SOURCE_ROOT; };
		1F230B2E14DC98D500B65E7E /* MTEStore.m */ = {isa = PBXFileReference; fileEncoding = 4; lastKnownFileType = sourcecode.c.objc; name = MTEStore.m; path = MyTee/Classes/MTEStore.m; sourceTree = SOURCE_ROOT; };
		1F230B3014DCA31A00B65E7E /* 80-shopping-cart.png */ = {isa = PBXFileReference; lastKnownFileType = image.png; name = "80-shopping-cart.png"; path = "MyTee/Resources/Images/80-shopping-cart.png"; sourceTree = SOURCE_ROOT; };
		1F230B3114DCA31A00B65E7E /* 80-shopping-cart@2x.png */ = {isa = PBXFileReference; lastKnownFileType = image.png; name = "80-shopping-cart@2x.png"; path = "MyTee/Resources/Images/80-shopping-cart@2x.png"; sourceTree = SOURCE_ROOT; };
		1F294DF914D73BC800A24AED /* MTESyncManager.h */ = {isa = PBXFileReference; fileEncoding = 4; lastKnownFileType = sourcecode.c.h; name = MTESyncManager.h; path = MyTee/Classes/MTESyncManager.h; sourceTree = SOURCE_ROOT; };
		1F294DFA14D73BC800A24AED /* MTESyncManager.m */ = {isa = PBXFileReference; fileEncoding = 4; lastKnownFileType = sourcecode.c.objc; name = MTESyncManager.m; path = MyTee/Classes/MTESyncManager.m; sourceTree = SOURCE_ROOT; };
		1F294DFC14D73EE300A24AED /* NSString+NSStringURL.h */ = {isa = PBXFileReference; fileEncoding = 4; lastKnownFileType = sourcecode.c.h; name = "NSString+NSStringURL.h"; path = "MyTee/Classes/NSString+NSStringURL.h"; sourceTree = SOURCE_ROOT; };
		1F294DFD14D73EE300A24AED /* NSString+NSStringURL.m */ = {isa = PBXFileReference; fileEncoding = 4; lastKnownFileType = sourcecode.c.objc; name = "NSString+NSStringURL.m"; path = "MyTee/Classes/NSString+NSStringURL.m"; sourceTree = SOURCE_ROOT; };
		1F294E0114D7457900A24AED /* 19-check.png */ = {isa = PBXFileReference; lastKnownFileType = image.png; name = "19-check.png"; path = "MyTee/Resources/Images/19-check.png"; sourceTree = SOURCE_ROOT; };
		1F294E0214D7457900A24AED /* 19-check@2x.png */ = {isa = PBXFileReference; lastKnownFileType = image.png; name = "19-check@2x.png"; path = "MyTee/Resources/Images/19-check@2x.png"; sourceTree = SOURCE_ROOT; };
		1F294E0514D745AB00A24AED /* 20-no.png */ = {isa = PBXFileReference; lastKnownFileType = image.png; name = "20-no.png"; path = "MyTee/Resources/Images/20-no.png"; sourceTree = SOURCE_ROOT; };
		1F294E0614D745AB00A24AED /* 20-no@2x.png */ = {isa = PBXFileReference; lastKnownFileType = image.png; name = "20-no@2x.png"; path = "MyTee/Resources/Images/20-no@2x.png"; sourceTree = SOURCE_ROOT; };
		1F294E0A14D74D4E00A24AED /* Icon.png */ = {isa = PBXFileReference; lastKnownFileType = image.png; name = Icon.png; path = ../Icon.png; sourceTree = "<group>"; };
		1F294E0C14D74D6600A24AED /* Icon@2x.png */ = {isa = PBXFileReference; lastKnownFileType = image.png; name = "Icon@2x.png"; path = "../Icon@2x.png"; sourceTree = "<group>"; };
		1F294E0E14D74D6F00A24AED /* Icon_iPad.png */ = {isa = PBXFileReference; lastKnownFileType = image.png; name = Icon_iPad.png; path = ../Icon_iPad.png; sourceTree = "<group>"; };
		1F294E1114D74F2300A24AED /* KeychainItemWrapper.h */ = {isa = PBXFileReference; fileEncoding = 4; lastKnownFileType = sourcecode.c.h; name = KeychainItemWrapper.h; path = Libraries/KeychainItemWrapper/KeychainItemWrapper.h; sourceTree = SOURCE_ROOT; };
		1F294E1214D74F2300A24AED /* KeychainItemWrapper.m */ = {isa = PBXFileReference; fileEncoding = 4; lastKnownFileType = sourcecode.c.objc; name = KeychainItemWrapper.m; path = Libraries/KeychainItemWrapper/KeychainItemWrapper.m; sourceTree = SOURCE_ROOT; };
		1F294E1614D7515A00A24AED /* Security.framework */ = {isa = PBXFileReference; lastKnownFileType = wrapper.framework; name = Security.framework; path = System/Library/Frameworks/Security.framework; sourceTree = SDKROOT; };
		1F294E1914D7558600A24AED /* MTESyncManagerSpec.mm */ = {isa = PBXFileReference; fileEncoding = 4; lastKnownFileType = sourcecode.cpp.objcpp; name = MTESyncManagerSpec.mm; path = MyTeeTests/Specs/MTESyncManagerSpec.mm; sourceTree = SOURCE_ROOT; };
		1F2C7F2B15509760002A160C /* MTETodayTShirtViewController.h */ = {isa = PBXFileReference; fileEncoding = 4; lastKnownFileType = sourcecode.c.h; name = MTETodayTShirtViewController.h; path = MyTee/Classes/MTETodayTShirtViewController.h; sourceTree = SOURCE_ROOT; };
		1F2C7F2C15509760002A160C /* MTETodayTShirtViewController.m */ = {isa = PBXFileReference; fileEncoding = 4; lastKnownFileType = sourcecode.c.objc; name = MTETodayTShirtViewController.m; path = MyTee/Classes/MTETodayTShirtViewController.m; sourceTree = SOURCE_ROOT; };
		1F2C7F50155341CA002A160C /* Default.png */ = {isa = PBXFileReference; lastKnownFileType = image.png; name = Default.png; path = ../Default.png; sourceTree = "<group>"; };
		1F2C7F53155341D9002A160C /* Default@2x.png */ = {isa = PBXFileReference; lastKnownFileType = image.png; name = "Default@2x.png"; path = "../Default@2x.png"; sourceTree = "<group>"; };
		1F42C7671579038300A72E81 /* 14-tag-b.png */ = {isa = PBXFileReference; lastKnownFileType = image.png; name = "14-tag-b.png"; path = "MyTee/Resources/Images/14-tag-b.png"; sourceTree = SOURCE_ROOT; };
		1F42C7681579038300A72E81 /* 14-tag-b@2x.png */ = {isa = PBXFileReference; lastKnownFileType = image.png; name = "14-tag-b@2x.png"; path = "MyTee/Resources/Images/14-tag-b@2x.png"; sourceTree = SOURCE_ROOT; };
		1F42C7691579038300A72E81 /* 80-shopping-cart-b.png */ = {isa = PBXFileReference; lastKnownFileType = image.png; name = "80-shopping-cart-b.png"; path = "MyTee/Resources/Images/80-shopping-cart-b.png"; sourceTree = SOURCE_ROOT; };
		1F42C76A1579038300A72E81 /* 80-shopping-cart-b@2x.png */ = {isa = PBXFileReference; lastKnownFileType = image.png; name = "80-shopping-cart-b@2x.png"; path = "MyTee/Resources/Images/80-shopping-cart-b@2x.png"; sourceTree = SOURCE_ROOT; };
		1F42C770157903EF00A72E81 /* 179-notepad-b.png */ = {isa = PBXFileReference; lastKnownFileType = image.png; name = "179-notepad-b.png"; path = "MyTee/Resources/Images/179-notepad-b.png"; sourceTree = SOURCE_ROOT; };
		1F42C771157903EF00A72E81 /* 179-notepad-b@2x.png */ = {isa = PBXFileReference; lastKnownFileType = image.png; name = "179-notepad-b@2x.png"; path = "MyTee/Resources/Images/179-notepad-b@2x.png"; sourceTree = SOURCE_ROOT; };
		1F43D7EE1561B5DB008D67B9 /* Default-Portrait~ipad.png */ = {isa = PBXFileReference; lastKnownFileType = image.png; name = "Default-Portrait~ipad.png"; path = "../Default-Portrait~ipad.png"; sourceTree = "<group>"; };
		1F43D7F11561B5E3008D67B9 /* Default-Portrait@2x~ipad.png */ = {isa = PBXFileReference; lastKnownFileType = image.png; name = "Default-Portrait@2x~ipad.png"; path = "../Default-Portrait@2x~ipad.png"; sourceTree = "<group>"; };
		1F43D7F31561B5EC008D67B9 /* Default-Landscape~ipad.png */ = {isa = PBXFileReference; lastKnownFileType = image.png; name = "Default-Landscape~ipad.png"; path = "../Default-Landscape~ipad.png"; sourceTree = "<group>"; };
		1F43D7F51561B5F2008D67B9 /* Default-Landscape@2x~ipad.png */ = {isa = PBXFileReference; lastKnownFileType = image.png; name = "Default-Landscape@2x~ipad.png"; path = "../Default-Landscape@2x~ipad.png"; sourceTree = "<group>"; };
		1F667CD515B32A5E00B374BC /* shelves_closeup.png */ = {isa = PBXFileReference; lastKnownFileType = image.png; name = shelves_closeup.png; path = MyTee/Resources/Images/shelves_closeup.png; sourceTree = SOURCE_ROOT; };
		1F667CD615B32A5E00B374BC /* shelves_closeup@2x.png */ = {isa = PBXFileReference; lastKnownFileType = image.png; name = "shelves_closeup@2x.png"; path = "MyTee/Resources/Images/shelves_closeup@2x.png"; sourceTree = SOURCE_ROOT; };
		1F67661414EB28F60035EF7D /* 19-gear-w.png */ = {isa = PBXFileReference; lastKnownFileType = image.png; name = "19-gear-w.png"; path = "MyTee/Resources/Images/19-gear-w.png"; sourceTree = SOURCE_ROOT; };
		1F67661514EB28F60035EF7D /* 19-gear-w@2x.png */ = {isa = PBXFileReference; lastKnownFileType = image.png; name = "19-gear-w@2x.png"; path = "MyTee/Resources/Images/19-gear-w@2x.png"; sourceTree = SOURCE_ROOT; };
		1F6AC78614D9FE890040A06A /* MTETShirtViewController.h */ = {isa = PBXFileReference; fileEncoding = 4; lastKnownFileType = sourcecode.c.h; name = MTETShirtViewController.h; path = MyTee/Classes/MTETShirtViewController.h; sourceTree = SOURCE_ROOT; };
		1F6AC78714D9FE890040A06A /* MTETShirtViewController.m */ = {isa = PBXFileReference; fileEncoding = 4; lastKnownFileType = sourcecode.c.objc; name = MTETShirtViewController.m; path = MyTee/Classes/MTETShirtViewController.m; sourceTree = SOURCE_ROOT; };
		1F6AC78A14DA03E00040A06A /* MTEWearWashViewController.h */ = {isa = PBXFileReference; fileEncoding = 4; lastKnownFileType = sourcecode.c.h; name = MTEWearWashViewController.h; path = MyTee/Classes/MTEWearWashViewController.h; sourceTree = SOURCE_ROOT; };
		1F6AC78B14DA03E00040A06A /* MTEWearWashViewController.m */ = {isa = PBXFileReference; fileEncoding = 4; lastKnownFileType = sourcecode.c.objc; name = MTEWearWashViewController.m; path = MyTee/Classes/MTEWearWashViewController.m; sourceTree = SOURCE_ROOT; };
		1F6AC78D14DA05DB0040A06A /* MTEWash.h */ = {isa = PBXFileReference; fileEncoding = 4; lastKnownFileType = sourcecode.c.h; name = MTEWash.h; path = MyTee/Classes/MTEWash.h; sourceTree = SOURCE_ROOT; };
		1F6AC78E14DA05DB0040A06A /* MTEWash.m */ = {isa = PBXFileReference; fileEncoding = 4; lastKnownFileType = sourcecode.c.objc; name = MTEWash.m; path = MyTee/Classes/MTEWash.m; sourceTree = SOURCE_ROOT; };
		1F6AC79014DA05DC0040A06A /* MTEWear.h */ = {isa = PBXFileReference; fileEncoding = 4; lastKnownFileType = sourcecode.c.h; name = MTEWear.h; path = MyTee/Classes/MTEWear.h; sourceTree = SOURCE_ROOT; };
		1F6AC79114DA05DC0040A06A /* MTEWear.m */ = {isa = PBXFileReference; fileEncoding = 4; lastKnownFileType = sourcecode.c.objc; name = MTEWear.m; path = MyTee/Classes/MTEWear.m; sourceTree = SOURCE_ROOT; };
		1F6B7FD014E0811B00292B62 /* 14-tag.png */ = {isa = PBXFileReference; lastKnownFileType = image.png; name = "14-tag.png"; path = "MyTee/Resources/Images/14-tag.png"; sourceTree = SOURCE_ROOT; };
		1F6B7FD114E0811B00292B62 /* 14-tag@2x.png */ = {isa = PBXFileReference; lastKnownFileType = image.png; name = "14-tag@2x.png"; path = "MyTee/Resources/Images/14-tag@2x.png"; sourceTree = SOURCE_ROOT; };
		1F6B7FD514E0813E00292B62 /* 179-notepad.png */ = {isa = PBXFileReference; lastKnownFileType = image.png; name = "179-notepad.png"; path = "MyTee/Resources/Images/179-notepad.png"; sourceTree = SOURCE_ROOT; };
		1F6B7FD614E0813E00292B62 /* 179-notepad@2x.png */ = {isa = PBXFileReference; lastKnownFileType = image.png; name = "179-notepad@2x.png"; path = "MyTee/Resources/Images/179-notepad@2x.png"; sourceTree = SOURCE_ROOT; };
		1F6CD28915B2FD610086518B /* shelves@2x.png */ = {isa = PBXFileReference; lastKnownFileType = image.png; name = "shelves@2x.png"; path = "MyTee/Resources/Images/shelves@2x.png"; sourceTree = SOURCE_ROOT; };
		1F6CD28C15B2FD890086518B /* shelves.png */ = {isa = PBXFileReference; lastKnownFileType = image.png; name = shelves.png; path = MyTee/Resources/Images/shelves.png; sourceTree = SOURCE_ROOT; };
		1F7205141533921900B4D60F /* 118-coat-hanger.png */ = {isa = PBXFileReference; lastKnownFileType = image.png; name = "118-coat-hanger.png"; path = "MyTee/Resources/Images/118-coat-hanger.png"; sourceTree = SOURCE_ROOT; };
		1F7205151533921900B4D60F /* 118-coat-hanger@2x.png */ = {isa = PBXFileReference; lastKnownFileType = image.png; name = "118-coat-hanger@2x.png"; path = "MyTee/Resources/Images/118-coat-hanger@2x.png"; sourceTree = SOURCE_ROOT; };
		1F7205191533940300B4D60F /* 19-gear.png */ = {isa = PBXFileReference; lastKnownFileType = image.png; name = "19-gear.png"; path = "MyTee/Resources/Images/19-gear.png"; sourceTree = SOURCE_ROOT; };
		1F72051A1533940300B4D60F /* 19-gear@2x.png */ = {isa = PBXFileReference; lastKnownFileType = image.png; name = "19-gear@2x.png"; path = "MyTee/Resources/Images/19-gear@2x.png"; sourceTree = SOURCE_ROOT; };
		1F72051D153394A100B4D60F /* selection-tab.png */ = {isa = PBXFileReference; lastKnownFileType = image.png; name = "selection-tab.png"; path = "MyTee/Resources/Images/selection-tab.png"; sourceTree = SOURCE_ROOT; };
		1F72051E153394A100B4D60F /* selection-tab@2x.png */ = {isa = PBXFileReference; lastKnownFileType = image.png; name = "selection-tab@2x.png"; path = "MyTee/Resources/Images/selection-tab@2x.png"; sourceTree = SOURCE_ROOT; };
		1F7205211533973900B4D60F /* tabbar.png */ = {isa = PBXFileReference; lastKnownFileType = image.png; name = tabbar.png; path = MyTee/Resources/Images/tabbar.png; sourceTree = SOURCE_ROOT; };
		1F7205221533973900B4D60F /* tabbar@2x.png */ = {isa = PBXFileReference; lastKnownFileType = image.png; name = "tabbar@2x.png"; path = "MyTee/Resources/Images/tabbar@2x.png"; sourceTree = SOURCE_ROOT; };
		1F74FC9214DEF6130034BA02 /* MTEStoreViewController.h */ = {isa = PBXFileReference; fileEncoding = 4; lastKnownFileType = sourcecode.c.h; name = MTEStoreViewController.h; path = MyTee/Classes/MTEStoreViewController.h; sourceTree = SOURCE_ROOT; };
		1F74FC9314DEF6130034BA02 /* MTEStoreViewController.m */ = {isa = PBXFileReference; fileEncoding = 4; lastKnownFileType = sourcecode.c.objc; name = MTEStoreViewController.m; path = MyTee/Classes/MTEStoreViewController.m; sourceTree = SOURCE_ROOT; };
		1F7BF97414D4429500D7F4A3 /* mytee.app */ = {isa = PBXFileReference; explicitFileType = wrapper.application; includeInIndex = 0; path = mytee.app; sourceTree = BUILT_PRODUCTS_DIR; };
		1F7BF97814D4429500D7F4A3 /* UIKit.framework */ = {isa = PBXFileReference; lastKnownFileType = wrapper.framework; name = UIKit.framework; path = System/Library/Frameworks/UIKit.framework; sourceTree = SDKROOT; };
		1F7BF97A14D4429500D7F4A3 /* Foundation.framework */ = {isa = PBXFileReference; lastKnownFileType = wrapper.framework; name = Foundation.framework; path = System/Library/Frameworks/Foundation.framework; sourceTree = SDKROOT; };
		1F7BF97C14D4429500D7F4A3 /* CoreGraphics.framework */ = {isa = PBXFileReference; lastKnownFileType = wrapper.framework; name = CoreGraphics.framework; path = System/Library/Frameworks/CoreGraphics.framework; sourceTree = SDKROOT; };
		1F7BF97E14D4429500D7F4A3 /* CoreData.framework */ = {isa = PBXFileReference; lastKnownFileType = wrapper.framework; name = CoreData.framework; path = System/Library/Frameworks/CoreData.framework; sourceTree = SDKROOT; };
		1F7BF98214D4429500D7F4A3 /* mytee-Info.plist */ = {isa = PBXFileReference; lastKnownFileType = text.plist.xml; path = "mytee-Info.plist"; sourceTree = "<group>"; };
		1F7BF98414D4429500D7F4A3 /* en */ = {isa = PBXFileReference; lastKnownFileType = text.plist.strings; name = en; path = en.lproj/InfoPlist.strings; sourceTree = "<group>"; };
		1F7BF98614D4429500D7F4A3 /* main.m */ = {isa = PBXFileReference; lastKnownFileType = sourcecode.c.objc; lineEnding = 0; path = main.m; sourceTree = "<group>"; xcLanguageSpecificationIdentifier = xcode.lang.objc; };
		1F7BF98814D4429500D7F4A3 /* mytee-Prefix.pch */ = {isa = PBXFileReference; lastKnownFileType = sourcecode.c.h; path = "mytee-Prefix.pch"; sourceTree = "<group>"; };
		1F7BF98914D4429500D7F4A3 /* MTEAppDelegate.h */ = {isa = PBXFileReference; lastKnownFileType = sourcecode.c.h; lineEnding = 0; name = MTEAppDelegate.h; path = ../MyTee/Classes/MTEAppDelegate.h; sourceTree = "<group>"; xcLanguageSpecificationIdentifier = xcode.lang.objcpp; };
		1F7BF98A14D4429500D7F4A3 /* MTEAppDelegate.m */ = {isa = PBXFileReference; lastKnownFileType = sourcecode.c.objc; lineEnding = 0; name = MTEAppDelegate.m; path = ../MyTee/Classes/MTEAppDelegate.m; sourceTree = "<group>"; xcLanguageSpecificationIdentifier = xcode.lang.objc; };
		1F7BF99414D4429500D7F4A3 /* myteeTests.octest */ = {isa = PBXFileReference; explicitFileType = wrapper.cfbundle; includeInIndex = 0; path = myteeTests.octest; sourceTree = BUILT_PRODUCTS_DIR; };
		1F7BF99514D4429500D7F4A3 /* SenTestingKit.framework */ = {isa = PBXFileReference; lastKnownFileType = wrapper.framework; name = SenTestingKit.framework; path = Library/Frameworks/SenTestingKit.framework; sourceTree = DEVELOPER_DIR; };
		1F7BF99E14D4429500D7F4A3 /* myteeTests-Info.plist */ = {isa = PBXFileReference; lastKnownFileType = text.plist.xml; path = "myteeTests-Info.plist"; sourceTree = "<group>"; };
		1F7BF9A014D4429500D7F4A3 /* en */ = {isa = PBXFileReference; lastKnownFileType = text.plist.strings; name = en; path = en.lproj/InfoPlist.strings; sourceTree = "<group>"; };
		1F7BF9A214D4429500D7F4A3 /* myteeTests.h */ = {isa = PBXFileReference; lastKnownFileType = sourcecode.c.h; path = myteeTests.h; sourceTree = "<group>"; };
		1F7BF9A314D4429500D7F4A3 /* myteeTests.m */ = {isa = PBXFileReference; lastKnownFileType = sourcecode.c.objc; path = myteeTests.m; sourceTree = "<group>"; };
		1F7BF9B914D44D9A00D7F4A3 /* libCedar-StaticLib.a */ = {isa = PBXFileReference; lastKnownFileType = archive.ar; name = "libCedar-StaticLib.a"; path = "Libraries/cedar/build/Release-iphoneos/libCedar-StaticLib.a"; sourceTree = "<group>"; };
		1F7BF9C114D4526D00D7F4A3 /* Storyboard_iPhone.storyboard */ = {isa = PBXFileReference; fileEncoding = 4; lastKnownFileType = file.storyboard; name = Storyboard_iPhone.storyboard; path = Resources/Storyboards/Storyboard_iPhone.storyboard; sourceTree = "<group>"; };
		1F7BF9C314D4529400D7F4A3 /* Storyboard_iPad.storyboard */ = {isa = PBXFileReference; fileEncoding = 4; lastKnownFileType = file.storyboard; name = Storyboard_iPad.storyboard; path = Resources/Storyboards/Storyboard_iPad.storyboard; sourceTree = "<group>"; };
		1F7BF9F714D4543A00D7F4A3 /* mytee.xcdatamodel */ = {isa = PBXFileReference; lastKnownFileType = wrapper.xcdatamodel; path = mytee.xcdatamodel; sourceTree = "<group>"; };
		1F7D901514EED2F200307F26 /* 11-clock.png */ = {isa = PBXFileReference; lastKnownFileType = image.png; name = "11-clock.png"; path = "MyTee/Resources/Images/11-clock.png"; sourceTree = SOURCE_ROOT; };
		1F7D901614EED2F300307F26 /* 11-clock@2x.png */ = {isa = PBXFileReference; lastKnownFileType = image.png; name = "11-clock@2x.png"; path = "MyTee/Resources/Images/11-clock@2x.png"; sourceTree = SOURCE_ROOT; };
		1FA1EA2E15850F8200A78FA8 /* MapKit.framework */ = {isa = PBXFileReference; lastKnownFileType = wrapper.framework; name = MapKit.framework; path = System/Library/Frameworks/MapKit.framework; sourceTree = SDKROOT; };
		1FA1EA321585148B00A78FA8 /* MTEStoreRetailViewController.h */ = {isa = PBXFileReference; fileEncoding = 4; lastKnownFileType = sourcecode.c.h; name = MTEStoreRetailViewController.h; path = MyTee/Classes/MTEStoreRetailViewController.h; sourceTree = SOURCE_ROOT; };
		1FA1EA331585148B00A78FA8 /* MTEStoreRetailViewController.m */ = {isa = PBXFileReference; fileEncoding = 4; lastKnownFileType = sourcecode.c.objc; name = MTEStoreRetailViewController.m; path = MyTee/Classes/MTEStoreRetailViewController.m; sourceTree = SOURCE_ROOT; };
		1FA1EA3A1585160300A78FA8 /* 72-pin-b.png */ = {isa = PBXFileReference; lastKnownFileType = image.png; name = "72-pin-b.png"; path = "MyTee/Resources/Images/72-pin-b.png"; sourceTree = SOURCE_ROOT; };
		1FA1EA3B1585160400A78FA8 /* 72-pin-b@2x.png */ = {isa = PBXFileReference; lastKnownFileType = image.png; name = "72-pin-b@2x.png"; path = "MyTee/Resources/Images/72-pin-b@2x.png"; sourceTree = SOURCE_ROOT; };
		1FA1EA3F1585168800A78FA8 /* CoreLocation.framework */ = {isa = PBXFileReference; lastKnownFileType = wrapper.framework; name = CoreLocation.framework; path = System/Library/Frameworks/CoreLocation.framework; sourceTree = SDKROOT; };
		1FA1EA531585575C00A78FA8 /* MTEStoreOnlineViewController.h */ = {isa = PBXFileReference; fileEncoding = 4; lastKnownFileType = sourcecode.c.h; name = MTEStoreOnlineViewController.h; path = MyTee/Classes/MTEStoreOnlineViewController.h; sourceTree = SOURCE_ROOT; };
		1FA1EA541585575C00A78FA8 /* MTEStoreOnlineViewController.m */ = {isa = PBXFileReference; fileEncoding = 4; lastKnownFileType = sourcecode.c.objc; name = MTEStoreOnlineViewController.m; path = MyTee/Classes/MTEStoreOnlineViewController.m; sourceTree = SOURCE_ROOT; };
		1FA1EA5715855D5600A78FA8 /* 71-compass-b.png */ = {isa = PBXFileReference; lastKnownFileType = image.png; name = "71-compass-b.png"; path = "MyTee/Resources/Images/71-compass-b.png"; sourceTree = SOURCE_ROOT; };
		1FA1EA5815855D5600A78FA8 /* 71-compass-b@2x.png */ = {isa = PBXFileReference; lastKnownFileType = image.png; name = "71-compass-b@2x.png"; path = "MyTee/Resources/Images/71-compass-b@2x.png"; sourceTree = SOURCE_ROOT; };
		1FA1EA5915855D5600A78FA8 /* 71-compass.png */ = {isa = PBXFileReference; lastKnownFileType = image.png; name = "71-compass.png"; path = "MyTee/Resources/Images/71-compass.png"; sourceTree = SOURCE_ROOT; };
		1FA1EA5A15855D5600A78FA8 /* 71-compass@2x.png */ = {isa = PBXFileReference; lastKnownFileType = image.png; name = "71-compass@2x.png"; path = "MyTee/Resources/Images/71-compass@2x.png"; sourceTree = SOURCE_ROOT; };
		1FA8535F14EC5BCB00736DAD /* MTESettingsViewController.h */ = {isa = PBXFileReference; fileEncoding = 4; lastKnownFileType = sourcecode.c.h; name = MTESettingsViewController.h; path = MyTee/Classes/MTESettingsViewController.h; sourceTree = SOURCE_ROOT; };
		1FA8536014EC5BCB00736DAD /* MTESettingsViewController.m */ = {isa = PBXFileReference; fileEncoding = 4; lastKnownFileType = sourcecode.c.objc; name = MTESettingsViewController.m; path = MyTee/Classes/MTESettingsViewController.m; sourceTree = SOURCE_ROOT; };
		1FABB690150D67EF0020C71D /* libAQGridView.a */ = {isa = PBXFileReference; lastKnownFileType = archive.ar; name = libAQGridView.a; path = "Libraries/AQGridView/build/Release-iphoneos/libAQGridView.a"; sourceTree = "<group>"; };
		1FD38E041583C4180060F51F /* wash-b.png */ = {isa = PBXFileReference; lastKnownFileType = image.png; name = "wash-b.png"; path = "MyTee/Resources/Images/wash-b.png"; sourceTree = SOURCE_ROOT; };
		1FD38E051583C4180060F51F /* wash-b@2x.png */ = {isa = PBXFileReference; lastKnownFileType = image.png; name = "wash-b@2x.png"; path = "MyTee/Resources/Images/wash-b@2x.png"; sourceTree = SOURCE_ROOT; };
		1FD38E091583C4CE0060F51F /* 67-tshirt-b.png */ = {isa = PBXFileReference; lastKnownFileType = image.png; name = "67-tshirt-b.png"; path = "MyTee/Resources/Images/67-tshirt-b.png"; sourceTree = SOURCE_ROOT; };
		1FD38E0A1583C4CE0060F51F /* 67-tshirt-b@2x.png */ = {isa = PBXFileReference; lastKnownFileType = image.png; name = "67-tshirt-b@2x.png"; path = "MyTee/Resources/Images/67-tshirt-b@2x.png"; sourceTree = SOURCE_ROOT; };
		1FDE079214D4CBA400909A11 /* MBProgressHUD.h */ = {isa = PBXFileReference; fileEncoding = 4; lastKnownFileType = sourcecode.c.h; name = MBProgressHUD.h; path = Libraries/MBProgressHUD/MBProgressHUD.h; sourceTree = SOURCE_ROOT; };
		1FDE079314D4CBA400909A11 /* MBProgressHUD.m */ = {isa = PBXFileReference; fileEncoding = 4; lastKnownFileType = sourcecode.c.objc; name = MBProgressHUD.m; path = Libraries/MBProgressHUD/MBProgressHUD.m; sourceTree = SOURCE_ROOT; };
		1FDE079814D4CE7700909A11 /* MTELoginViewController.h */ = {isa = PBXFileReference; fileEncoding = 4; lastKnownFileType = sourcecode.c.h; lineEnding = 0; name = MTELoginViewController.h; path = MyTee/Classes/MTELoginViewController.h; sourceTree = SOURCE_ROOT; xcLanguageSpecificationIdentifier = xcode.lang.objcpp; };
		1FDE079914D4CE7700909A11 /* MTELoginViewController.m */ = {isa = PBXFileReference; fileEncoding = 4; lastKnownFileType = sourcecode.c.objc; lineEnding = 0; name = MTELoginViewController.m; path = MyTee/Classes/MTELoginViewController.m; sourceTree = SOURCE_ROOT; xcLanguageSpecificationIdentifier = xcode.lang.objc; };
		1FF7D5DC14D88D84000BDE04 /* libRestKit.a */ = {isa = PBXFileReference; lastKnownFileType = archive.ar; name = libRestKit.a; path = "Libraries/RestKit/build/Release-iphoneos/libRestKit.a"; sourceTree = "<group>"; };
		1FF7D5DF14D88E3F000BDE04 /* CFNetwork.framework */ = {isa = PBXFileReference; lastKnownFileType = wrapper.framework; name = CFNetwork.framework; path = System/Library/Frameworks/CFNetwork.framework; sourceTree = SDKROOT; };
		1FF7D5E114D88E51000BDE04 /* MobileCoreServices.framework */ = {isa = PBXFileReference; lastKnownFileType = wrapper.framework; name = MobileCoreServices.framework; path = System/Library/Frameworks/MobileCoreServices.framework; sourceTree = SDKROOT; };
		1FF7D5E314D88E58000BDE04 /* SystemConfiguration.framework */ = {isa = PBXFileReference; lastKnownFileType = wrapper.framework; name = SystemConfiguration.framework; path = System/Library/Frameworks/SystemConfiguration.framework; sourceTree = SDKROOT; };
		1FF7D5E514D88E65000BDE04 /* libxml2.dylib */ = {isa = PBXFileReference; lastKnownFileType = "compiled.mach-o.dylib"; name = libxml2.dylib; path = usr/lib/libxml2.dylib; sourceTree = SDKROOT; };
		1FF7D5E714D8936E000BDE04 /* MTETShirtsViewController.h */ = {isa = PBXFileReference; fileEncoding = 4; lastKnownFileType = sourcecode.c.h; name = MTETShirtsViewController.h; path = MyTee/Classes/MTETShirtsViewController.h; sourceTree = SOURCE_ROOT; };
		1FF7D5E814D8936E000BDE04 /* MTETShirtsViewController.m */ = {isa = PBXFileReference; fileEncoding = 4; lastKnownFileType = sourcecode.c.objc; name = MTETShirtsViewController.m; path = MyTee/Classes/MTETShirtsViewController.m; sourceTree = SOURCE_ROOT; };
		1FF7D5EB14D89B61000BDE04 /* MTEConstView.h */ = {isa = PBXFileReference; fileEncoding = 4; lastKnownFileType = sourcecode.c.h; lineEnding = 0; name = MTEConstView.h; path = MyTee/Classes/MTEConstView.h; sourceTree = SOURCE_ROOT; xcLanguageSpecificationIdentifier = xcode.lang.objcpp; };
		1FF7D5ED14D89D2B000BDE04 /* MTETShirt.h */ = {isa = PBXFileReference; fileEncoding = 4; lastKnownFileType = sourcecode.c.h; name = MTETShirt.h; path = MyTee/Classes/MTETShirt.h; sourceTree = SOURCE_ROOT; };
		1FF7D5EE14D89D2B000BDE04 /* MTETShirt.m */ = {isa = PBXFileReference; fileEncoding = 4; lastKnownFileType = sourcecode.c.objc; name = MTETShirt.m; path = MyTee/Classes/MTETShirt.m; sourceTree = SOURCE_ROOT; };
		1FF7D5F014D8A20A000BDE04 /* MTETShirtExplorer.h */ = {isa = PBXFileReference; fileEncoding = 4; lastKnownFileType = sourcecode.c.h; name = MTETShirtExplorer.h; path = MyTee/Classes/MTETShirtExplorer.h; sourceTree = SOURCE_ROOT; };
		1FF7D5F114D8A20A000BDE04 /* MTETShirtExplorer.m */ = {isa = PBXFileReference; fileEncoding = 4; lastKnownFileType = sourcecode.c.objc; name = MTETShirtExplorer.m; path = MyTee/Classes/MTETShirtExplorer.m; sourceTree = SOURCE_ROOT; };
		1FFAB02C14F1D42B00851D81 /* linen-light-cell.png */ = {isa = PBXFileReference; lastKnownFileType = image.png; name = "linen-light-cell.png"; path = "MyTee/Resources/Images/linen-light-cell.png"; sourceTree = SOURCE_ROOT; };
		1FFAB02D14F1D42B00851D81 /* linen-light-cell@2x.png */ = {isa = PBXFileReference; lastKnownFileType = image.png; name = "linen-light-cell@2x.png"; path = "MyTee/Resources/Images/linen-light-cell@2x.png"; sourceTree = SOURCE_ROOT; };
		1FFAB03114F1D44A00851D81 /* MTESettingCell.h */ = {isa = PBXFileReference; fileEncoding = 4; lastKnownFileType = sourcecode.c.h; lineEnding = 0; name = MTESettingCell.h; path = MyTee/Classes/MTESettingCell.h; sourceTree = SOURCE_ROOT; xcLanguageSpecificationIdentifier = xcode.lang.objcpp; };
		1FFAB03214F1D44A00851D81 /* MTESettingCell.m */ = {isa = PBXFileReference; fileEncoding = 4; lastKnownFileType = sourcecode.c.objc; lineEnding = 0; name = MTESettingCell.m; path = MyTee/Classes/MTESettingCell.m; sourceTree = SOURCE_ROOT; xcLanguageSpecificationIdentifier = xcode.lang.objc; };
/* End PBXFileReference section */

/* Begin PBXFrameworksBuildPhase section */
		1F7BF97114D4429500D7F4A3 /* Frameworks */ = {
			isa = PBXFrameworksBuildPhase;
			buildActionMask = 2147483647;
			files = (
				1FA1EA401585168800A78FA8 /* CoreLocation.framework in Frameworks */,
				1FA1EA3115850FFA00A78FA8 /* MapKit.framework in Frameworks */,
				1F01F15F14DC05FC00D6EF0C /* QuartzCore.framework in Frameworks */,
				1FF7D5E614D88E65000BDE04 /* libxml2.dylib in Frameworks */,
				1FF7D5E414D88E58000BDE04 /* SystemConfiguration.framework in Frameworks */,
				1FF7D5E214D88E51000BDE04 /* MobileCoreServices.framework in Frameworks */,
				1FF7D5E014D88E3F000BDE04 /* CFNetwork.framework in Frameworks */,
				1FF7D5DD14D88D84000BDE04 /* libRestKit.a in Frameworks */,
				1F294E1714D7515A00A24AED /* Security.framework in Frameworks */,
				1F7BF97914D4429500D7F4A3 /* UIKit.framework in Frameworks */,
				1F7BF97B14D4429500D7F4A3 /* Foundation.framework in Frameworks */,
				1F7BF97D14D4429500D7F4A3 /* CoreGraphics.framework in Frameworks */,
				1F7BF97F14D4429500D7F4A3 /* CoreData.framework in Frameworks */,
			);
			runOnlyForDeploymentPostprocessing = 0;
		};
		1F7BF99014D4429500D7F4A3 /* Frameworks */ = {
			isa = PBXFrameworksBuildPhase;
			buildActionMask = 2147483647;
			files = (
				1F7BF9BA14D44D9A00D7F4A3 /* libCedar-StaticLib.a in Frameworks */,
				1F7BF99614D4429500D7F4A3 /* SenTestingKit.framework in Frameworks */,
				1F7BF99714D4429500D7F4A3 /* UIKit.framework in Frameworks */,
				1F7BF99814D4429500D7F4A3 /* Foundation.framework in Frameworks */,
				1F7BF99914D4429500D7F4A3 /* CoreData.framework in Frameworks */,
			);
			runOnlyForDeploymentPostprocessing = 0;
		};
/* End PBXFrameworksBuildPhase section */

/* Begin PBXGroup section */
		1F01F13B14DB3D0C00D6EF0C /* Wood */ = {
			isa = PBXGroup;
			children = (
				1F6CD28C15B2FD890086518B /* shelves.png */,
				1F6CD28915B2FD610086518B /* shelves@2x.png */,
				1F01F13614DB3D0300D6EF0C /* wood.png */,
				1F01F13714DB3D0300D6EF0C /* wood@2x.png */,
				1F667CD515B32A5E00B374BC /* shelves_closeup.png */,
				1F667CD615B32A5E00B374BC /* shelves_closeup@2x.png */,
			);
			name = Wood;
			sourceTree = "<group>";
		};
		1F01F14414DB3E5300D6EF0C /* Linen Nav Bar */ = {
			isa = PBXGroup;
			children = (
				1FFAB02C14F1D42B00851D81 /* linen-light-cell.png */,
				1FFAB02D14F1D42B00851D81 /* linen-light-cell@2x.png */,
				1F01F13C14DB3E4F00D6EF0C /* linen-nav-bar-landscape.png */,
				1F01F13D14DB3E4F00D6EF0C /* linen-nav-bar-landscape@2x.png */,
				1F01F13E14DB3E4F00D6EF0C /* linen-nav-bar.png */,
				1F01F13F14DB3E4F00D6EF0C /* linen-nav-bar@2x.png */,
				1F01F15414DB3FE500D6EF0C /* linen-light-bar.png */,
				1F01F15514DB3FE500D6EF0C /* linen-light-bar@2x.png */,
			);
			name = "Linen Nav Bar";
			sourceTree = "<group>";
		};
		1F01F16014DC065500D6EF0C /* Shadowed Table View */ = {
			isa = PBXGroup;
			children = (
				1F01F15B14DC055900D6EF0C /* ShadowedTableView.h */,
				1F01F15C14DC055900D6EF0C /* ShadowedTableView.m */,
			);
			name = "Shadowed Table View";
			sourceTree = "<group>";
		};
		1F01F16914DC120000D6EF0C /* Icons */ = {
			isa = PBXGroup;
			children = (
				1F7205141533921900B4D60F /* 118-coat-hanger.png */,
				1F7205151533921900B4D60F /* 118-coat-hanger@2x.png */,
				1F7D901514EED2F200307F26 /* 11-clock.png */,
				1F7D901614EED2F300307F26 /* 11-clock@2x.png */,
				1F7205191533940300B4D60F /* 19-gear.png */,
				1F72051A1533940300B4D60F /* 19-gear@2x.png */,
				1F67661414EB28F60035EF7D /* 19-gear-w.png */,
				1F67661514EB28F60035EF7D /* 19-gear-w@2x.png */,
				1F01F16314DC11E600D6EF0C /* 83-calendar.png */,
				1F01F16414DC11E700D6EF0C /* 83-calendar@2x.png */,
				1FA1EA5F15855D5B00A78FA8 /* Compass */,
				1FA1EA3E1585160800A78FA8 /* Pin */,
				1FA1EA391585158600A78FA8 /* Wash */,
				1FA1EA361585155D00A78FA8 /* T-Shirt */,
				1FA1EA371585156A00A78FA8 /* Shopping Cart */,
				1FA1EA381585157700A78FA8 /* Tag */,
				1FA1EA351585155300A78FA8 /* Notepad */,
			);
			name = Icons;
			sourceTree = "<group>";
		};
		1F02F4AF14F12919005F738B /* Settings Manager */ = {
			isa = PBXGroup;
			children = (
				1F02F4AB14F12915005F738B /* MTESettingsManager.h */,
				1F02F4AC14F12915005F738B /* MTESettingsManager.m */,
			);
			name = "Settings Manager";
			sourceTree = "<group>";
		};
		1F294DF714D73B9E00A24AED /* Shared */ = {
			isa = PBXGroup;
			children = (
				1F294E1514D74F3000A24AED /* Sync Manager */,
				1F294E1414D74F2600A24AED /* Keychain Access */,
				1F294DFF14D73F0E00A24AED /* NSString Category */,
				1F02F4AF14F12919005F738B /* Settings Manager */,
			);
			name = Shared;
			sourceTree = "<group>";
		};
		1F294DFF14D73F0E00A24AED /* NSString Category */ = {
			isa = PBXGroup;
			children = (
				1F294DFC14D73EE300A24AED /* NSString+NSStringURL.h */,
				1F294DFD14D73EE300A24AED /* NSString+NSStringURL.m */,
			);
			name = "NSString Category";
			sourceTree = "<group>";
		};
		1F294E0014D744AE00A24AED /* Images */ = {
			isa = PBXGroup;
			children = (
				1F7205251533973D00B4D60F /* Tab Bar */,
				1F01F16914DC120000D6EF0C /* Icons */,
				1F01F14414DB3E5300D6EF0C /* Linen Nav Bar */,
				1F01F13B14DB3D0C00D6EF0C /* Wood */,
				1F294E0914D745AD00A24AED /* Check/No */,
			);
			name = Images;
			sourceTree = "<group>";
		};
		1F294E0914D745AD00A24AED /* Check/No */ = {
			isa = PBXGroup;
			children = (
				1F294E0114D7457900A24AED /* 19-check.png */,
				1F294E0214D7457900A24AED /* 19-check@2x.png */,
				1F294E0514D745AB00A24AED /* 20-no.png */,
				1F294E0614D745AB00A24AED /* 20-no@2x.png */,
			);
			name = Check/No;
			sourceTree = "<group>";
		};
		1F294E1014D74D7900A24AED /* Icons */ = {
			isa = PBXGroup;
			children = (
				1F294E0E14D74D6F00A24AED /* Icon_iPad.png */,
				1F1C2BA915195326005ED856 /* Icon_iPad@2x.png */,
				1F294E0C14D74D6600A24AED /* Icon@2x.png */,
				1F294E0A14D74D4E00A24AED /* Icon.png */,
			);
			name = Icons;
			sourceTree = "<group>";
		};
		1F294E1414D74F2600A24AED /* Keychain Access */ = {
			isa = PBXGroup;
			children = (
				1F294E1114D74F2300A24AED /* KeychainItemWrapper.h */,
				1F294E1214D74F2300A24AED /* KeychainItemWrapper.m */,
			);
			name = "Keychain Access";
			sourceTree = "<group>";
		};
		1F294E1514D74F3000A24AED /* Sync Manager */ = {
			isa = PBXGroup;
			children = (
				1F294DF914D73BC800A24AED /* MTESyncManager.h */,
				1F294DFA14D73BC800A24AED /* MTESyncManager.m */,
			);
			name = "Sync Manager";
			sourceTree = "<group>";
		};
		1F294E1814D752F100A24AED /* Specs */ = {
			isa = PBXGroup;
			children = (
				1F294E1914D7558600A24AED /* MTESyncManagerSpec.mm */,
			);
			name = Specs;
			sourceTree = "<group>";
		};
		1F2C7F55155341EF002A160C /* Defaults */ = {
			isa = PBXGroup;
			children = (
				1F2C7F50155341CA002A160C /* Default.png */,
				1F2C7F53155341D9002A160C /* Default@2x.png */,
				1F43D7F51561B5F2008D67B9 /* Default-Landscape@2x~ipad.png */,
				1F43D7F31561B5EC008D67B9 /* Default-Landscape~ipad.png */,
				1F43D7F11561B5E3008D67B9 /* Default-Portrait@2x~ipad.png */,
				1F43D7EE1561B5DB008D67B9 /* Default-Portrait~ipad.png */,
			);
			name = Defaults;
			sourceTree = "<group>";
		};
		1F7205251533973D00B4D60F /* Tab Bar */ = {
			isa = PBXGroup;
			children = (
				1F7205211533973900B4D60F /* tabbar.png */,
				1F7205221533973900B4D60F /* tabbar@2x.png */,
				1F72051D153394A100B4D60F /* selection-tab.png */,
				1F72051E153394A100B4D60F /* selection-tab@2x.png */,
			);
			name = "Tab Bar";
			sourceTree = "<group>";
		};
		1F74FC9114DEF5740034BA02 /* Store */ = {
			isa = PBXGroup;
			children = (
				1F74FC9214DEF6130034BA02 /* MTEStoreViewController.h */,
				1F74FC9314DEF6130034BA02 /* MTEStoreViewController.m */,
				1FA1EA321585148B00A78FA8 /* MTEStoreRetailViewController.h */,
				1FA1EA331585148B00A78FA8 /* MTEStoreRetailViewController.m */,
				1FA1EA531585575C00A78FA8 /* MTEStoreOnlineViewController.h */,
				1FA1EA541585575C00A78FA8 /* MTEStoreOnlineViewController.m */,
			);
			name = Store;
			sourceTree = "<group>";
		};
		1F7BF96914D4429400D7F4A3 = {
			isa = PBXGroup;
			children = (
				1F7BF98014D4429500D7F4A3 /* mytee */,
				1F7BF99C14D4429500D7F4A3 /* myteeTests */,
				1F7BF97714D4429500D7F4A3 /* Frameworks */,
				1F7BF9BC14D44DA600D7F4A3 /* Libraries */,
				1F7BF97514D4429500D7F4A3 /* Products */,
			);
			sourceTree = "<group>";
		};
		1F7BF97514D4429500D7F4A3 /* Products */ = {
			isa = PBXGroup;
			children = (
				1F7BF97414D4429500D7F4A3 /* mytee.app */,
				1F7BF99414D4429500D7F4A3 /* myteeTests.octest */,
			);
			name = Products;
			sourceTree = "<group>";
		};
		1F7BF97714D4429500D7F4A3 /* Frameworks */ = {
			isa = PBXGroup;
			children = (
				1FA1EA3F1585168800A78FA8 /* CoreLocation.framework */,
				1FA1EA2E15850F8200A78FA8 /* MapKit.framework */,
				1F01F15E14DC05FC00D6EF0C /* QuartzCore.framework */,
				1FF7D5E314D88E58000BDE04 /* SystemConfiguration.framework */,
				1FF7D5E114D88E51000BDE04 /* MobileCoreServices.framework */,
				1FF7D5DF14D88E3F000BDE04 /* CFNetwork.framework */,
				1F294E1614D7515A00A24AED /* Security.framework */,
				1F7BF97814D4429500D7F4A3 /* UIKit.framework */,
				1F7BF97A14D4429500D7F4A3 /* Foundation.framework */,
				1F7BF97C14D4429500D7F4A3 /* CoreGraphics.framework */,
				1F7BF97E14D4429500D7F4A3 /* CoreData.framework */,
				1F7BF99514D4429500D7F4A3 /* SenTestingKit.framework */,
			);
			name = Frameworks;
			sourceTree = "<group>";
		};
		1F7BF98014D4429500D7F4A3 /* mytee */ = {
			isa = PBXGroup;
			children = (
				1F294DF714D73B9E00A24AED /* Shared */,
				1FF7D5EC14D89D10000BDE04 /* Model */,
				1FDE079614D4CE0500909A11 /* View Controllers */,
				1F7BF9BD14D451D100D7F4A3 /* App Delegate */,
				1F7BF9BE14D4520500D7F4A3 /* Resources */,
				1F7BF98114D4429500D7F4A3 /* Supporting Files */,
			);
			path = mytee;
			sourceTree = "<group>";
		};
		1F7BF98114D4429500D7F4A3 /* Supporting Files */ = {
			isa = PBXGroup;
			children = (
				1F7BF98214D4429500D7F4A3 /* mytee-Info.plist */,
				1F7BF98314D4429500D7F4A3 /* InfoPlist.strings */,
				1F7BF98614D4429500D7F4A3 /* main.m */,
				1F7BF98814D4429500D7F4A3 /* mytee-Prefix.pch */,
			);
			name = "Supporting Files";
			sourceTree = "<group>";
		};
		1F7BF99C14D4429500D7F4A3 /* myteeTests */ = {
			isa = PBXGroup;
			children = (
				1F294E1814D752F100A24AED /* Specs */,
				1F7BF9A214D4429500D7F4A3 /* myteeTests.h */,
				1F7BF9A314D4429500D7F4A3 /* myteeTests.m */,
				1F7BF99D14D4429500D7F4A3 /* Supporting Files */,
			);
			path = myteeTests;
			sourceTree = "<group>";
		};
		1F7BF99D14D4429500D7F4A3 /* Supporting Files */ = {
			isa = PBXGroup;
			children = (
				1F7BF99E14D4429500D7F4A3 /* myteeTests-Info.plist */,
				1F7BF99F14D4429500D7F4A3 /* InfoPlist.strings */,
			);
			name = "Supporting Files";
			sourceTree = "<group>";
		};
		1F7BF9BC14D44DA600D7F4A3 /* Libraries */ = {
			isa = PBXGroup;
			children = (
				1FABB690150D67EF0020C71D /* libAQGridView.a */,
				1FF7D5E514D88E65000BDE04 /* libxml2.dylib */,
				1F7BF9B914D44D9A00D7F4A3 /* libCedar-StaticLib.a */,
				1FF7D5DC14D88D84000BDE04 /* libRestKit.a */,
			);
			name = Libraries;
			sourceTree = "<group>";
		};
		1F7BF9BD14D451D100D7F4A3 /* App Delegate */ = {
			isa = PBXGroup;
			children = (
				1F7BF98914D4429500D7F4A3 /* MTEAppDelegate.h */,
				1F7BF98A14D4429500D7F4A3 /* MTEAppDelegate.m */,
			);
			name = "App Delegate";
			sourceTree = "<group>";
		};
		1F7BF9BE14D4520500D7F4A3 /* Resources */ = {
			isa = PBXGroup;
			children = (
				1F2C7F55155341EF002A160C /* Defaults */,
				1F294E1014D74D7900A24AED /* Icons */,
				1F294E0014D744AE00A24AED /* Images */,
				1F7BF9C014D4522300D7F4A3 /* Storyboards */,
				1F7BF9BF14D4521000D7F4A3 /* Model */,
			);
			name = Resources;
			sourceTree = "<group>";
		};
		1F7BF9BF14D4521000D7F4A3 /* Model */ = {
			isa = PBXGroup;
			children = (
				1F7BF9F614D4543A00D7F4A3 /* mytee.xcdatamodeld */,
			);
			name = Model;
			sourceTree = "<group>";
		};
		1F7BF9C014D4522300D7F4A3 /* Storyboards */ = {
			isa = PBXGroup;
			children = (
				1F7BF9C114D4526D00D7F4A3 /* Storyboard_iPhone.storyboard */,
				1F7BF9C314D4529400D7F4A3 /* Storyboard_iPad.storyboard */,
			);
			name = Storyboards;
			sourceTree = "<group>";
		};
		1FA1EA351585155300A78FA8 /* Notepad */ = {
			isa = PBXGroup;
			children = (
				1F6B7FD514E0813E00292B62 /* 179-notepad.png */,
				1F6B7FD614E0813E00292B62 /* 179-notepad@2x.png */,
				1F42C770157903EF00A72E81 /* 179-notepad-b.png */,
				1F42C771157903EF00A72E81 /* 179-notepad-b@2x.png */,
			);
			name = Notepad;
			sourceTree = "<group>";
		};
		1FA1EA361585155D00A78FA8 /* T-Shirt */ = {
			isa = PBXGroup;
			children = (
				1F01F16E14DC161700D6EF0C /* 67-tshirt.png */,
				1F01F16F14DC161700D6EF0C /* 67-tshirt@2x.png */,
				1FD38E091583C4CE0060F51F /* 67-tshirt-b.png */,
				1FD38E0A1583C4CE0060F51F /* 67-tshirt-b@2x.png */,
			);
			name = "T-Shirt";
			sourceTree = "<group>";
		};
		1FA1EA371585156A00A78FA8 /* Shopping Cart */ = {
			isa = PBXGroup;
			children = (
				1F230B3014DCA31A00B65E7E /* 80-shopping-cart.png */,
				1F230B3114DCA31A00B65E7E /* 80-shopping-cart@2x.png */,
				1F42C7691579038300A72E81 /* 80-shopping-cart-b.png */,
				1F42C76A1579038300A72E81 /* 80-shopping-cart-b@2x.png */,
			);
			name = "Shopping Cart";
			sourceTree = "<group>";
		};
		1FA1EA381585157700A78FA8 /* Tag */ = {
			isa = PBXGroup;
			children = (
				1F6B7FD014E0811B00292B62 /* 14-tag.png */,
				1F6B7FD114E0811B00292B62 /* 14-tag@2x.png */,
				1F42C7671579038300A72E81 /* 14-tag-b.png */,
				1F42C7681579038300A72E81 /* 14-tag-b@2x.png */,
			);
			name = Tag;
			sourceTree = "<group>";
		};
		1FA1EA391585158600A78FA8 /* Wash */ = {
			isa = PBXGroup;
			children = (
				1F01F16A14DC15CB00D6EF0C /* wash.png */,
				1F01F16B14DC15CB00D6EF0C /* wash@2x.png */,
				1FD38E041583C4180060F51F /* wash-b.png */,
				1FD38E051583C4180060F51F /* wash-b@2x.png */,
			);
			name = Wash;
			sourceTree = "<group>";
		};
		1FA1EA3E1585160800A78FA8 /* Pin */ = {
			isa = PBXGroup;
			children = (
				1F01F16114DC11E600D6EF0C /* 72-pin.png */,
				1F01F16214DC11E600D6EF0C /* 72-pin@2x.png */,
				1FA1EA3A1585160300A78FA8 /* 72-pin-b.png */,
				1FA1EA3B1585160400A78FA8 /* 72-pin-b@2x.png */,
			);
			name = Pin;
			sourceTree = "<group>";
		};
		1FA1EA5F15855D5B00A78FA8 /* Compass */ = {
			isa = PBXGroup;
			children = (
				1FA1EA5715855D5600A78FA8 /* 71-compass-b.png */,
				1FA1EA5815855D5600A78FA8 /* 71-compass-b@2x.png */,
				1FA1EA5915855D5600A78FA8 /* 71-compass.png */,
				1FA1EA5A15855D5600A78FA8 /* 71-compass@2x.png */,
			);
			name = Compass;
			sourceTree = "<group>";
		};
		1FDE079014D4CB9500909A11 /* UI */ = {
			isa = PBXGroup;
			children = (
				1F01F16014DC065500D6EF0C /* Shadowed Table View */,
				1FDE079514D4CBB300909A11 /* Progress HUD */,
				1FF7D5EB14D89B61000BDE04 /* MTEConstView.h */,
			);
			name = UI;
			sourceTree = "<group>";
		};
		1FDE079514D4CBB300909A11 /* Progress HUD */ = {
			isa = PBXGroup;
			children = (
				1FDE079214D4CBA400909A11 /* MBProgressHUD.h */,
				1FDE079314D4CBA400909A11 /* MBProgressHUD.m */,
			);
			name = "Progress HUD";
			sourceTree = "<group>";
		};
		1FDE079614D4CE0500909A11 /* View Controllers */ = {
			isa = PBXGroup;
			children = (
				1FF7D5EA14D89373000BDE04 /* T-Shirts */,
				1F74FC9114DEF5740034BA02 /* Store */,
				1FDE079714D4CE2700909A11 /* Settings */,
				1FDE079014D4CB9500909A11 /* UI */,
			);
			name = "View Controllers";
			sourceTree = "<group>";
		};
		1FDE079714D4CE2700909A11 /* Settings */ = {
			isa = PBXGroup;
			children = (
				1FA8535F14EC5BCB00736DAD /* MTESettingsViewController.h */,
				1FA8536014EC5BCB00736DAD /* MTESettingsViewController.m */,
				1FDE079814D4CE7700909A11 /* MTELoginViewController.h */,
				1FDE079914D4CE7700909A11 /* MTELoginViewController.m */,
				1FFAB03114F1D44A00851D81 /* MTESettingCell.h */,
				1FFAB03214F1D44A00851D81 /* MTESettingCell.m */,
			);
			name = Settings;
			sourceTree = "<group>";
		};
		1FF7D5EA14D89373000BDE04 /* T-Shirts */ = {
			isa = PBXGroup;
			children = (
				1FF7D5E714D8936E000BDE04 /* MTETShirtsViewController.h */,
				1FF7D5E814D8936E000BDE04 /* MTETShirtsViewController.m */,
				1F6AC78614D9FE890040A06A /* MTETShirtViewController.h */,
				1F6AC78714D9FE890040A06A /* MTETShirtViewController.m */,
				1F6AC78A14DA03E00040A06A /* MTEWearWashViewController.h */,
				1F6AC78B14DA03E00040A06A /* MTEWearWashViewController.m */,
				1F01F15814DB464700D6EF0C /* MTETShirtCell.h */,
				1F01F15914DB464700D6EF0C /* MTETShirtCell.m */,
				1F2C7F2B15509760002A160C /* MTETodayTShirtViewController.h */,
				1F2C7F2C15509760002A160C /* MTETodayTShirtViewController.m */,
			);
			name = "T-Shirts";
			sourceTree = "<group>";
		};
		1FF7D5EC14D89D10000BDE04 /* Model */ = {
			isa = PBXGroup;
			children = (
				1FF7D5ED14D89D2B000BDE04 /* MTETShirt.h */,
				1FF7D5EE14D89D2B000BDE04 /* MTETShirt.m */,
				1FF7D5F014D8A20A000BDE04 /* MTETShirtExplorer.h */,
				1FF7D5F114D8A20A000BDE04 /* MTETShirtExplorer.m */,
				1F6AC79014DA05DC0040A06A /* MTEWear.h */,
				1F6AC79114DA05DC0040A06A /* MTEWear.m */,
				1F6AC78D14DA05DB0040A06A /* MTEWash.h */,
				1F6AC78E14DA05DB0040A06A /* MTEWash.m */,
				1F230B2D14DC98D500B65E7E /* MTEStore.h */,
				1F230B2E14DC98D500B65E7E /* MTEStore.m */,
			);
			name = Model;
			sourceTree = "<group>";
		};
/* End PBXGroup section */

/* Begin PBXNativeTarget section */
		1F7BF97314D4429500D7F4A3 /* mytee */ = {
			isa = PBXNativeTarget;
			buildConfigurationList = 1F7BF9A714D4429500D7F4A3 /* Build configuration list for PBXNativeTarget "mytee" */;
			buildPhases = (
				1F7BF97014D4429500D7F4A3 /* Sources */,
				1F7BF97114D4429500D7F4A3 /* Frameworks */,
				1F7BF97214D4429500D7F4A3 /* Resources */,
			);
			buildRules = (
			);
			dependencies = (
			);
			name = mytee;
			productName = mytee;
			productReference = 1F7BF97414D4429500D7F4A3 /* mytee.app */;
			productType = "com.apple.product-type.application";
		};
		1F7BF99314D4429500D7F4A3 /* myteeTests */ = {
			isa = PBXNativeTarget;
			buildConfigurationList = 1F7BF9AA14D4429500D7F4A3 /* Build configuration list for PBXNativeTarget "myteeTests" */;
			buildPhases = (
				1F7BF98F14D4429500D7F4A3 /* Sources */,
				1F7BF99014D4429500D7F4A3 /* Frameworks */,
				1F7BF99114D4429500D7F4A3 /* Resources */,
				1F7BF99214D4429500D7F4A3 /* ShellScript */,
			);
			buildRules = (
			);
			dependencies = (
				1F7BF99B14D4429500D7F4A3 /* PBXTargetDependency */,
			);
			name = myteeTests;
			productName = myteeTests;
			productReference = 1F7BF99414D4429500D7F4A3 /* myteeTests.octest */;
			productType = "com.apple.product-type.bundle";
		};
/* End PBXNativeTarget section */

/* Begin PBXProject section */
		1F7BF96B14D4429400D7F4A3 /* Project object */ = {
			isa = PBXProject;
			attributes = {
				LastUpgradeCheck = 0450;
				ORGANIZATIONNAME = "Studio AMANgA";
			};
			buildConfigurationList = 1F7BF96E14D4429500D7F4A3 /* Build configuration list for PBXProject "mytee" */;
			compatibilityVersion = "Xcode 3.2";
			developmentRegion = English;
			hasScannedForEncodings = 0;
			knownRegions = (
				en,
			);
			mainGroup = 1F7BF96914D4429400D7F4A3;
			productRefGroup = 1F7BF97514D4429500D7F4A3 /* Products */;
			projectDirPath = "";
			projectRoot = "";
			targets = (
				1F7BF97314D4429500D7F4A3 /* mytee */,
				1F7BF99314D4429500D7F4A3 /* myteeTests */,
			);
		};
/* End PBXProject section */

/* Begin PBXResourcesBuildPhase section */
		1F7BF97214D4429500D7F4A3 /* Resources */ = {
			isa = PBXResourcesBuildPhase;
			buildActionMask = 2147483647;
			files = (
				1F7BF98514D4429500D7F4A3 /* InfoPlist.strings in Resources */,
				1F7BF9C214D4526D00D7F4A3 /* Storyboard_iPhone.storyboard in Resources */,
				1F7BF9C414D4529400D7F4A3 /* Storyboard_iPad.storyboard in Resources */,
				1F294E0314D7457900A24AED /* 19-check.png in Resources */,
				1F294E0414D7457900A24AED /* 19-check@2x.png in Resources */,
				1F294E0714D745AB00A24AED /* 20-no.png in Resources */,
				1F294E0814D745AB00A24AED /* 20-no@2x.png in Resources */,
				1F294E0B14D74D4E00A24AED /* Icon.png in Resources */,
				1F294E0D14D74D6600A24AED /* Icon@2x.png in Resources */,
				1F294E0F14D74D6F00A24AED /* Icon_iPad.png in Resources */,
				1F01F13814DB3D0300D6EF0C /* wood.png in Resources */,
				1F01F13914DB3D0300D6EF0C /* wood@2x.png in Resources */,
				1F01F14014DB3E4F00D6EF0C /* linen-nav-bar-landscape.png in Resources */,
				1F01F14114DB3E4F00D6EF0C /* linen-nav-bar-landscape@2x.png in Resources */,
				1F01F14214DB3E4F00D6EF0C /* linen-nav-bar.png in Resources */,
				1F01F14314DB3E4F00D6EF0C /* linen-nav-bar@2x.png in Resources */,
				1F01F15614DB3FE500D6EF0C /* linen-light-bar.png in Resources */,
				1F01F15714DB3FE500D6EF0C /* linen-light-bar@2x.png in Resources */,
				1F01F16514DC11E800D6EF0C /* 72-pin.png in Resources */,
				1F01F16614DC11E800D6EF0C /* 72-pin@2x.png in Resources */,
				1F01F16714DC11E800D6EF0C /* 83-calendar.png in Resources */,
				1F01F16814DC11E800D6EF0C /* 83-calendar@2x.png in Resources */,
				1F01F16C14DC15CB00D6EF0C /* wash.png in Resources */,
				1F01F16D14DC15CB00D6EF0C /* wash@2x.png in Resources */,
				1F01F17014DC161700D6EF0C /* 67-tshirt.png in Resources */,
				1F01F17114DC161700D6EF0C /* 67-tshirt@2x.png in Resources */,
				1F230B3214DCA31A00B65E7E /* 80-shopping-cart.png in Resources */,
				1F230B3314DCA31A00B65E7E /* 80-shopping-cart@2x.png in Resources */,
				1F6B7FD214E0811B00292B62 /* 14-tag.png in Resources */,
				1F6B7FD314E0811B00292B62 /* 14-tag@2x.png in Resources */,
				1F6B7FD714E0813E00292B62 /* 179-notepad.png in Resources */,
				1F6B7FD814E0813E00292B62 /* 179-notepad@2x.png in Resources */,
				1F67661614EB28F60035EF7D /* 19-gear-w.png in Resources */,
				1F67661714EB28F60035EF7D /* 19-gear-w@2x.png in Resources */,
				1F7D901714EED2F300307F26 /* 11-clock.png in Resources */,
				1F7D901814EED2F300307F26 /* 11-clock@2x.png in Resources */,
				1FFAB02E14F1D42B00851D81 /* linen-light-cell.png in Resources */,
				1FFAB02F14F1D42B00851D81 /* linen-light-cell@2x.png in Resources */,
				1F1C2BAA15195326005ED856 /* Icon_iPad@2x.png in Resources */,
				1F7205161533921900B4D60F /* 118-coat-hanger.png in Resources */,
				1F7205171533921900B4D60F /* 118-coat-hanger@2x.png in Resources */,
				1F72051B1533940300B4D60F /* 19-gear.png in Resources */,
				1F72051C1533940300B4D60F /* 19-gear@2x.png in Resources */,
				1F72051F153394A100B4D60F /* selection-tab.png in Resources */,
				1F720520153394A100B4D60F /* selection-tab@2x.png in Resources */,
				1F7205231533973900B4D60F /* tabbar.png in Resources */,
				1F7205241533973900B4D60F /* tabbar@2x.png in Resources */,
				1F2C7F51155341CA002A160C /* Default.png in Resources */,
				1F2C7F54155341D9002A160C /* Default@2x.png in Resources */,
				1F43D7EF1561B5DB008D67B9 /* Default-Portrait~ipad.png in Resources */,
				1F43D7F21561B5E3008D67B9 /* Default-Portrait@2x~ipad.png in Resources */,
				1F43D7F41561B5EC008D67B9 /* Default-Landscape~ipad.png in Resources */,
				1F43D7F61561B5F2008D67B9 /* Default-Landscape@2x~ipad.png in Resources */,
				1F42C76B1579038300A72E81 /* 14-tag-b.png in Resources */,
				1F42C76C1579038300A72E81 /* 14-tag-b@2x.png in Resources */,
				1F42C76D1579038300A72E81 /* 80-shopping-cart-b.png in Resources */,
				1F42C76E1579038300A72E81 /* 80-shopping-cart-b@2x.png in Resources */,
				1F42C772157903EF00A72E81 /* 179-notepad-b.png in Resources */,
				1F42C773157903EF00A72E81 /* 179-notepad-b@2x.png in Resources */,
				1FD38E061583C4180060F51F /* wash-b.png in Resources */,
				1FD38E071583C4180060F51F /* wash-b@2x.png in Resources */,
				1FD38E0B1583C4CE0060F51F /* 67-tshirt-b.png in Resources */,
				1FD38E0C1583C4CE0060F51F /* 67-tshirt-b@2x.png in Resources */,
				1FA1EA3C1585160400A78FA8 /* 72-pin-b.png in Resources */,
				1FA1EA3D1585160400A78FA8 /* 72-pin-b@2x.png in Resources */,
				1FA1EA5B15855D5600A78FA8 /* 71-compass-b.png in Resources */,
				1FA1EA5C15855D5600A78FA8 /* 71-compass-b@2x.png in Resources */,
				1FA1EA5D15855D5600A78FA8 /* 71-compass.png in Resources */,
				1FA1EA5E15855D5600A78FA8 /* 71-compass@2x.png in Resources */,
				1F6CD28B15B2FD610086518B /* shelves@2x.png in Resources */,
				1F6CD28D15B2FD890086518B /* shelves.png in Resources */,
				1F667CD715B32A5E00B374BC /* shelves_closeup.png in Resources */,
				1F667CD815B32A5E00B374BC /* shelves_closeup@2x.png in Resources */,
			);
			runOnlyForDeploymentPostprocessing = 0;
		};
		1F7BF99114D4429500D7F4A3 /* Resources */ = {
			isa = PBXResourcesBuildPhase;
			buildActionMask = 2147483647;
			files = (
				1F7BF9A114D4429500D7F4A3 /* InfoPlist.strings in Resources */,
			);
			runOnlyForDeploymentPostprocessing = 0;
		};
/* End PBXResourcesBuildPhase section */

/* Begin PBXShellScriptBuildPhase section */
		1F7BF99214D4429500D7F4A3 /* ShellScript */ = {
			isa = PBXShellScriptBuildPhase;
			buildActionMask = 2147483647;
			files = (
			);
			inputPaths = (
			);
			outputPaths = (
			);
			runOnlyForDeploymentPostprocessing = 0;
			shellPath = /bin/sh;
			shellScript = "# Run the unit tests in this test bundle.\n\"${SYSTEM_DEVELOPER_DIR}/Tools/RunUnitTests\"\n";
		};
/* End PBXShellScriptBuildPhase section */

/* Begin PBXSourcesBuildPhase section */
		1F7BF97014D4429500D7F4A3 /* Sources */ = {
			isa = PBXSourcesBuildPhase;
			buildActionMask = 2147483647;
			files = (
				1F7BF98714D4429500D7F4A3 /* main.m in Sources */,
				1F7BF98B14D4429500D7F4A3 /* MTEAppDelegate.m in Sources */,
				1F7BF9F814D4543A00D7F4A3 /* mytee.xcdatamodeld in Sources */,
				1FDE079414D4CBA400909A11 /* MBProgressHUD.m in Sources */,
				1FDE079A14D4CE7700909A11 /* MTELoginViewController.m in Sources */,
				1F294DFB14D73BC800A24AED /* MTESyncManager.m in Sources */,
				1F294DFE14D73EE300A24AED /* NSString+NSStringURL.m in Sources */,
				1F294E1314D74F2300A24AED /* KeychainItemWrapper.m in Sources */,
				1FF7D5E914D8936E000BDE04 /* MTETShirtsViewController.m in Sources */,
				1FF7D5EF14D89D2B000BDE04 /* MTETShirt.m in Sources */,
				1FF7D5F214D8A20A000BDE04 /* MTETShirtExplorer.m in Sources */,
				1F6AC78814D9FE890040A06A /* MTETShirtViewController.m in Sources */,
				1F6AC78C14DA03E00040A06A /* MTEWearWashViewController.m in Sources */,
				1F6AC78F14DA05DB0040A06A /* MTEWash.m in Sources */,
				1F6AC79214DA05DC0040A06A /* MTEWear.m in Sources */,
				1F01F15A14DB464800D6EF0C /* MTETShirtCell.m in Sources */,
				1F01F15D14DC055900D6EF0C /* ShadowedTableView.m in Sources */,
				1F230B2F14DC98D500B65E7E /* MTEStore.m in Sources */,
				1F74FC9414DEF6130034BA02 /* MTEStoreViewController.m in Sources */,
				1FA8536114EC5BCB00736DAD /* MTESettingsViewController.m in Sources */,
				1F02F4AD14F12915005F738B /* MTESettingsManager.m in Sources */,
				1FFAB03314F1D44A00851D81 /* MTESettingCell.m in Sources */,
				1F2C7F2D15509760002A160C /* MTETodayTShirtViewController.m in Sources */,
				1FA1EA341585148B00A78FA8 /* MTEStoreRetailViewController.m in Sources */,
				1FA1EA551585575C00A78FA8 /* MTEStoreOnlineViewController.m in Sources */,
			);
			runOnlyForDeploymentPostprocessing = 0;
		};
		1F7BF98F14D4429500D7F4A3 /* Sources */ = {
			isa = PBXSourcesBuildPhase;
			buildActionMask = 2147483647;
			files = (
				1F7BF9A414D4429500D7F4A3 /* myteeTests.m in Sources */,
				1F294E1A14D7558600A24AED /* MTESyncManagerSpec.mm in Sources */,
			);
			runOnlyForDeploymentPostprocessing = 0;
		};
/* End PBXSourcesBuildPhase section */

/* Begin PBXTargetDependency section */
		1F7BF99B14D4429500D7F4A3 /* PBXTargetDependency */ = {
			isa = PBXTargetDependency;
			target = 1F7BF97314D4429500D7F4A3 /* mytee */;
			targetProxy = 1F7BF99A14D4429500D7F4A3 /* PBXContainerItemProxy */;
		};
/* End PBXTargetDependency section */

/* Begin PBXVariantGroup section */
		1F7BF98314D4429500D7F4A3 /* InfoPlist.strings */ = {
			isa = PBXVariantGroup;
			children = (
				1F7BF98414D4429500D7F4A3 /* en */,
			);
			name = InfoPlist.strings;
			sourceTree = "<group>";
		};
		1F7BF99F14D4429500D7F4A3 /* InfoPlist.strings */ = {
			isa = PBXVariantGroup;
			children = (
				1F7BF9A014D4429500D7F4A3 /* en */,
			);
			name = InfoPlist.strings;
			sourceTree = "<group>";
		};
/* End PBXVariantGroup section */

/* Begin XCBuildConfiguration section */
		1F7BF9A514D4429500D7F4A3 /* Debug */ = {
			isa = XCBuildConfiguration;
			buildSettings = {
				ALWAYS_SEARCH_USER_PATHS = NO;
				ARCHS = "$(ARCHS_STANDARD_32_BIT)";
				CLANG_ENABLE_OBJC_ARC = YES;
				"CODE_SIGN_IDENTITY[sdk=iphoneos*]" = "iPhone Developer";
				COPY_PHASE_STRIP = NO;
				GCC_C_LANGUAGE_STANDARD = gnu99;
				GCC_DYNAMIC_NO_PIC = NO;
				GCC_OPTIMIZATION_LEVEL = 0;
				GCC_PREPROCESSOR_DEFINITIONS = (
					"DEBUG=1",
					"$(inherited)",
				);
				GCC_SYMBOLS_PRIVATE_EXTERN = NO;
				GCC_VERSION = com.apple.compilers.llvm.clang.1_0;
				GCC_WARN_ABOUT_MISSING_PROTOTYPES = YES;
				GCC_WARN_ABOUT_RETURN_TYPE = YES;
				GCC_WARN_UNUSED_VARIABLE = YES;
				IPHONEOS_DEPLOYMENT_TARGET = 5.0;
				SDKROOT = iphoneos;
				TARGETED_DEVICE_FAMILY = "1,2";
			};
			name = Debug;
		};
		1F7BF9A614D4429500D7F4A3 /* Release */ = {
			isa = XCBuildConfiguration;
			buildSettings = {
				ALWAYS_SEARCH_USER_PATHS = NO;
				ARCHS = "$(ARCHS_STANDARD_32_BIT)";
				CLANG_ENABLE_OBJC_ARC = YES;
				"CODE_SIGN_IDENTITY[sdk=iphoneos*]" = "iPhone Developer";
				COPY_PHASE_STRIP = YES;
				GCC_C_LANGUAGE_STANDARD = gnu99;
				GCC_VERSION = com.apple.compilers.llvm.clang.1_0;
				GCC_WARN_ABOUT_MISSING_PROTOTYPES = YES;
				GCC_WARN_ABOUT_RETURN_TYPE = YES;
				GCC_WARN_UNUSED_VARIABLE = YES;
				IPHONEOS_DEPLOYMENT_TARGET = 5.0;
				OTHER_CFLAGS = "-DNS_BLOCK_ASSERTIONS=1";
				SDKROOT = iphoneos;
				TARGETED_DEVICE_FAMILY = "1,2";
				VALIDATE_PRODUCT = YES;
			};
			name = Release;
		};
		1F7BF9A814D4429500D7F4A3 /* Debug */ = {
			isa = XCBuildConfiguration;
			buildSettings = {
				"CODE_SIGN_IDENTITY[sdk=iphoneos*]" = "iPhone Developer";
				GCC_PRECOMPILE_PREFIX_HEADER = YES;
				GCC_PREFIX_HEADER = "mytee/mytee-Prefix.pch";
				INFOPLIST_FILE = "mytee/mytee-Info.plist";
				IPHONEOS_DEPLOYMENT_TARGET = 6.0;
				OTHER_CPLUSPLUSFLAGS = "";
				OTHER_LDFLAGS = (
					"-ObjC",
					"-all_load",
				);
				PRODUCT_NAME = "$(TARGET_NAME)";
				"PROVISIONING_PROFILE[sdk=iphoneos*]" = "";
				USER_HEADER_SEARCH_PATHS = "\"$(PROJECT_DIR)/Libraries/RestKit/Vendor\"/** \"$(PROJECT_DIR)/Libraries/RestKit/Code\"/** \"$(PROJECT_DIR)/Libraries/AQGridView/Classes\"";
				WRAPPER_EXTENSION = app;
			};
			name = Debug;
		};
		1F7BF9A914D4429500D7F4A3 /* Release */ = {
			isa = XCBuildConfiguration;
			buildSettings = {
				"CODE_SIGN_IDENTITY[sdk=iphoneos*]" = "iPhone Developer";
				GCC_PRECOMPILE_PREFIX_HEADER = YES;
				GCC_PREFIX_HEADER = "mytee/mytee-Prefix.pch";
				INFOPLIST_FILE = "mytee/mytee-Info.plist";
				IPHONEOS_DEPLOYMENT_TARGET = 6.0;
				OTHER_CPLUSPLUSFLAGS = "";
				OTHER_LDFLAGS = (
					"-ObjC",
					"-all_load",
				);
				PRODUCT_NAME = "$(TARGET_NAME)";
				"PROVISIONING_PROFILE[sdk=iphoneos*]" = "";
				USER_HEADER_SEARCH_PATHS = "\"$(PROJECT_DIR)/Libraries/RestKit/Vendor\"/** \"$(PROJECT_DIR)/Libraries/RestKit/Code\"/** \"$(PROJECT_DIR)/Libraries/AQGridView/Classes\"";
				WRAPPER_EXTENSION = app;
			};
			name = Release;
		};
		1F7BF9AB14D4429500D7F4A3 /* Debug */ = {
			isa = XCBuildConfiguration;
			buildSettings = {
				BUNDLE_LOADER = "$(BUILT_PRODUCTS_DIR)/mytee.app/mytee";
				FRAMEWORK_SEARCH_PATHS = (
					"$(SDKROOT)/Developer/Library/Frameworks",
					"$(DEVELOPER_LIBRARY_DIR)/Frameworks",
				);
				GCC_PRECOMPILE_PREFIX_HEADER = YES;
				GCC_PREFIX_HEADER = "mytee/mytee-Prefix.pch";
				INFOPLIST_FILE = "myteeTests/myteeTests-Info.plist";
				OTHER_LDFLAGS = (
					"-ObjC",
					"-all_load",
					"-lstdc++",
				);
				PRODUCT_NAME = "$(TARGET_NAME)";
				TEST_HOST = "$(BUNDLE_LOADER)";
				USER_HEADER_SEARCH_PATHS = "\"$(PROJECT_DIR)/Libraries/cedar/Source/Headers\"/**";
				WRAPPER_EXTENSION = octest;
			};
			name = Debug;
		};
		1F7BF9AC14D4429500D7F4A3 /* Release */ = {
			isa = XCBuildConfiguration;
			buildSettings = {
				BUNDLE_LOADER = "$(BUILT_PRODUCTS_DIR)/mytee.app/mytee";
				FRAMEWORK_SEARCH_PATHS = (
					"$(SDKROOT)/Developer/Library/Frameworks",
					"$(DEVELOPER_LIBRARY_DIR)/Frameworks",
				);
				GCC_PRECOMPILE_PREFIX_HEADER = YES;
				GCC_PREFIX_HEADER = "mytee/mytee-Prefix.pch";
				INFOPLIST_FILE = "myteeTests/myteeTests-Info.plist";
				OTHER_LDFLAGS = (
					"-ObjC",
					"-all_load",
					"-lstdc++",
				);
				PRODUCT_NAME = "$(TARGET_NAME)";
				TEST_HOST = "$(BUNDLE_LOADER)";
				USER_HEADER_SEARCH_PATHS = "\"$(PROJECT_DIR)/Libraries/cedar/Source/Headers\"/**";
				WRAPPER_EXTENSION = octest;
			};
			name = Release;
		};
/* End XCBuildConfiguration section */

/* Begin XCConfigurationList section */
		1F7BF96E14D4429500D7F4A3 /* Build configuration list for PBXProject "mytee" */ = {
			isa = XCConfigurationList;
			buildConfigurations = (
				1F7BF9A514D4429500D7F4A3 /* Debug */,
				1F7BF9A614D4429500D7F4A3 /* Release */,
			);
			defaultConfigurationIsVisible = 0;
			defaultConfigurationName = Release;
		};
		1F7BF9A714D4429500D7F4A3 /* Build configuration list for PBXNativeTarget "mytee" */ = {
			isa = XCConfigurationList;
			buildConfigurations = (
				1F7BF9A814D4429500D7F4A3 /* Debug */,
				1F7BF9A914D4429500D7F4A3 /* Release */,
			);
			defaultConfigurationIsVisible = 0;
			defaultConfigurationName = Release;
		};
		1F7BF9AA14D4429500D7F4A3 /* Build configuration list for PBXNativeTarget "myteeTests" */ = {
			isa = XCConfigurationList;
			buildConfigurations = (
				1F7BF9AB14D4429500D7F4A3 /* Debug */,
				1F7BF9AC14D4429500D7F4A3 /* Release */,
			);
			defaultConfigurationIsVisible = 0;
			defaultConfigurationName = Release;
		};
/* End XCConfigurationList section */

/* Begin XCVersionGroup section */
		1F7BF9F614D4543A00D7F4A3 /* mytee.xcdatamodeld */ = {
			isa = XCVersionGroup;
			children = (
				1F230B2B14DC981A00B65E7E /* mytee 2.xcdatamodel */,
				1F7BF9F714D4543A00D7F4A3 /* mytee.xcdatamodel */,
			);
			currentVersion = 1F230B2B14DC981A00B65E7E /* mytee 2.xcdatamodel */;
			name = mytee.xcdatamodeld;
			path = ../MyTee/Resources/Model/mytee.xcdatamodeld;
			sourceTree = "<group>";
			versionGroupType = wrapper.xcdatamodel;
		};
/* End XCVersionGroup section */
	};
	rootObject = 1F7BF96B14D4429400D7F4A3 /* Project object */;
}
